<?xml version="1.0" encoding="utf-8"?>
<Project ToolsVersion="4.0" xmlns="http://schemas.microsoft.com/developer/msbuild/2003">
  <ItemGroup>
    <Filter Include="00.MainApp">
      <UniqueIdentifier>{5b3c8fab-8906-4bfd-acbd-f8af7c2664bc}</UniqueIdentifier>
    </Filter>
    <Filter Include="98.Default">
      <UniqueIdentifier>{c210a329-9764-414f-a568-70bc9ada3c01}</UniqueIdentifier>
    </Filter>
    <Filter Include="99.Defines">
      <UniqueIdentifier>{006815a9-0628-485a-9c1c-236e0e5265ad}</UniqueIdentifier>
    </Filter>
    <Filter Include="01.Levels">
      <UniqueIdentifier>{408ee095-973f-4c95-8f02-cfc640e80e92}</UniqueIdentifier>
    </Filter>
    <Filter Include="01.Levels\Logo">
      <UniqueIdentifier>{28f489d1-1b4f-489b-99d0-f4470ecc35ab}</UniqueIdentifier>
    </Filter>
    <Filter Include="01.Levels\Loading">
      <UniqueIdentifier>{1dcbbb20-8ec0-45d2-af66-aceae1fdf511}</UniqueIdentifier>
    </Filter>
    <Filter Include="01.Levels\Tool">
      <UniqueIdentifier>{6ade123f-3272-49af-8a91-83a3e360dbe3}</UniqueIdentifier>
    </Filter>
    <Filter Include="01.Levels\Loading\Loader">
      <UniqueIdentifier>{aa67799f-5c89-43c6-866f-051341498c25}</UniqueIdentifier>
    </Filter>
    <Filter Include="02.GameObject">
      <UniqueIdentifier>{d58e2f86-42b3-4bdc-9b1f-ea35ac8ced2c}</UniqueIdentifier>
    </Filter>
    <Filter Include="02.GameObject\Camera">
      <UniqueIdentifier>{017312b0-ccf2-4e45-b2f1-9f686d0a3929}</UniqueIdentifier>
    </Filter>
    <Filter Include="02.GameObject\Terrain">
      <UniqueIdentifier>{3c04d30a-6ea5-4dd2-a51b-98354273f939}</UniqueIdentifier>
    </Filter>
    <Filter Include="97.ShaderFiles">
      <UniqueIdentifier>{08fbd261-09aa-4e48-b887-6193bd937ae4}</UniqueIdentifier>
    </Filter>
    <Filter Include="02.GameObject\ImGui">
      <UniqueIdentifier>{4d8ce64a-9c4e-41ee-a91f-c269cf63f96c}</UniqueIdentifier>
    </Filter>
    <Filter Include="02.GameObject\ImGui\Include">
      <UniqueIdentifier>{e7488c44-9bae-44d3-8c79-ba77aba84824}</UniqueIdentifier>
    </Filter>
    <Filter Include="02.GameObject\ImGui\Manager">
      <UniqueIdentifier>{59dea3a6-508f-4c98-ab4f-8dae0cb16432}</UniqueIdentifier>
    </Filter>
    <Filter Include="02.GameObject\Editor">
      <UniqueIdentifier>{9b230a53-4b31-497b-b508-61cc29f8656b}</UniqueIdentifier>
    </Filter>
    <Filter Include="02.GameObject\Editor\AnimationEditor">
      <UniqueIdentifier>{1d9e58ca-0469-447c-8192-566cc312e708}</UniqueIdentifier>
    </Filter>
    <Filter Include="02.GameObject\Debuger">
      <UniqueIdentifier>{fb438d33-8041-4346-bba8-843f1168454e}</UniqueIdentifier>
    </Filter>
    <Filter Include="02.GameObject\ImGui\GUIObject">
      <UniqueIdentifier>{08ef751d-38fe-41de-a70c-b85351ba5442}</UniqueIdentifier>
    </Filter>
    <Filter Include="02.GameObject\Tool">
      <UniqueIdentifier>{11af2753-1133-4c5a-a4f8-d76ea80d8a21}</UniqueIdentifier>
    </Filter>
    <Filter Include="02.GameObject\Tool\Tool_Coolider">
      <UniqueIdentifier>{a890ea74-e0c9-4139-abf1-8c3f08689fca}</UniqueIdentifier>
    </Filter>
    <Filter Include="02.GameObject\Tool\Tool_Transformation">
      <UniqueIdentifier>{2e92ce0a-f152-43cb-8274-3cb34b781ae7}</UniqueIdentifier>
    </Filter>
    <Filter Include="02.GameObject\Tool\Tool_Selector">
      <UniqueIdentifier>{64cadd65-f9a0-4224-9514-2b94ed502e8f}</UniqueIdentifier>
    </Filter>
    <Filter Include="02.GameObject\Tool\Tool_Selector\Model_Selector">
      <UniqueIdentifier>{1c01e195-a02b-42b3-b7dc-dc5634a8dadd}</UniqueIdentifier>
    </Filter>
    <Filter Include="02.GameObject\Tool\Tool_Selector\Tool_AnimList">
      <UniqueIdentifier>{094976da-2136-4b85-a364-dc3d636db9bb}</UniqueIdentifier>
    </Filter>
    <Filter Include="02.GameObject\AnimTestObject">
      <UniqueIdentifier>{937d03b5-0c08-420b-bcd2-aa590a358cc8}</UniqueIdentifier>
    </Filter>
    <Filter Include="02.GameObject\AnimTestObject\AnimTestPartObject">
      <UniqueIdentifier>{da220758-e7bc-405d-acff-c33ecaa1bc20}</UniqueIdentifier>
    </Filter>
    <Filter Include="02.GameObject\Tool\Tool_AnimPlayer">
      <UniqueIdentifier>{9726706d-1868-4141-b089-1427130c3910}</UniqueIdentifier>
    </Filter>
    <Filter Include="02.GameObject\Tool\Tool_PartObject">
      <UniqueIdentifier>{f3852908-ea99-4df8-9dd2-55197a838129}</UniqueIdentifier>
    </Filter>
    <Filter Include="02.GameObject\Tool\Tool_BoneLayer">
      <UniqueIdentifier>{8999399d-a120-43ad-8b2b-720e712079b1}</UniqueIdentifier>
    </Filter>
    <Filter Include="02.GameObject\Tool\Tool_IK">
      <UniqueIdentifier>{f1c16d49-dedb-4204-8408-b11e30e5e236}</UniqueIdentifier>
    </Filter>
    <Filter Include="02.GameObject\Tool\Tool_EventInserter">
      <UniqueIdentifier>{719e13a8-c3d8-410b-881c-a84db2f3bb47}</UniqueIdentifier>
    </Filter>
  </ItemGroup>
  <ItemGroup>
    <ClCompile Include="..\Private\MainApp.cpp">
      <Filter>00.MainApp</Filter>
    </ClCompile>
    <ClCompile Include="Animation_Tool.cpp">
      <Filter>98.Default</Filter>
    </ClCompile>
    <ClCompile Include="stdafx.cpp">
      <Filter>98.Default</Filter>
    </ClCompile>
    <ClCompile Include="..\Private\Level_Tool.cpp">
      <Filter>01.Levels\Tool</Filter>
    </ClCompile>
    <ClCompile Include="..\Private\Loader.cpp">
      <Filter>01.Levels\Loading\Loader</Filter>
    </ClCompile>
    <ClCompile Include="..\Private\Level_Loading.cpp">
      <Filter>01.Levels\Loading</Filter>
    </ClCompile>
    <ClCompile Include="..\Private\Level_Logo.cpp">
      <Filter>01.Levels\Logo</Filter>
    </ClCompile>
    <ClCompile Include="..\Private\Camera_Free.cpp">
      <Filter>02.GameObject\Camera</Filter>
    </ClCompile>
    <ClCompile Include="..\..\imguilib\imgui.cpp">
      <Filter>02.GameObject\ImGui\Include</Filter>
    </ClCompile>
    <ClCompile Include="..\..\imguilib\imgui_demo.cpp">
      <Filter>02.GameObject\ImGui\Include</Filter>
    </ClCompile>
    <ClCompile Include="..\..\imguilib\imgui_draw.cpp">
      <Filter>02.GameObject\ImGui\Include</Filter>
    </ClCompile>
    <ClCompile Include="..\..\imguilib\imgui_impl_dx11.cpp">
      <Filter>02.GameObject\ImGui\Include</Filter>
    </ClCompile>
    <ClCompile Include="..\..\imguilib\imgui_impl_win32.cpp">
      <Filter>02.GameObject\ImGui\Include</Filter>
    </ClCompile>
    <ClCompile Include="..\..\imguilib\imgui_tables.cpp">
      <Filter>02.GameObject\ImGui\Include</Filter>
    </ClCompile>
    <ClCompile Include="..\..\imguilib\imgui_widgets.cpp">
      <Filter>02.GameObject\ImGui\Include</Filter>
    </ClCompile>
    <ClCompile Include="..\..\imguilib\ImGuizmo.cpp">
      <Filter>02.GameObject\ImGui\Include</Filter>
    </ClCompile>
    <ClCompile Include="..\..\imguilib\ImSequencer.cpp">
      <Filter>02.GameObject\ImGui\Include</Filter>
    </ClCompile>
    <ClCompile Include="..\..\imguilib\GraphEditor.cpp">
      <Filter>02.GameObject\ImGui\Include</Filter>
    </ClCompile>
    <ClCompile Include="..\..\imguilib\ImCurveEdit.cpp">
      <Filter>02.GameObject\ImGui\Include</Filter>
    </ClCompile>
    <ClCompile Include="..\..\imguilib\ImGradient.cpp">
      <Filter>02.GameObject\ImGui\Include</Filter>
    </ClCompile>
    <ClCompile Include="..\Private\Debuger.cpp">
      <Filter>02.GameObject\Debuger</Filter>
    </ClCompile>
    <ClCompile Include="..\Private\Editor.cpp">
      <Filter>02.GameObject\Editor</Filter>
    </ClCompile>
    <ClCompile Include="..\Private\GUIObject.cpp">
      <Filter>02.GameObject\ImGui\GUIObject</Filter>
    </ClCompile>
    <ClCompile Include="..\Private\AnimationEditor.cpp">
      <Filter>02.GameObject\Editor\AnimationEditor</Filter>
    </ClCompile>
    <ClCompile Include="..\Private\IMGuiManager.cpp">
      <Filter>02.GameObject\ImGui\Manager</Filter>
    </ClCompile>
    <ClCompile Include="..\Private\Tool.cpp">
      <Filter>02.GameObject\Tool</Filter>
    </ClCompile>
    <ClCompile Include="..\Private\Tool_Collider.cpp">
      <Filter>02.GameObject\Tool\Tool_Coolider</Filter>
    </ClCompile>
    <ClCompile Include="..\Private\Tool_Selector.cpp">
      <Filter>02.GameObject\Tool\Tool_Selector</Filter>
    </ClCompile>
    <ClCompile Include="..\Private\Tool_Transformation.cpp">
      <Filter>02.GameObject\Tool\Tool_Transformation</Filter>
    </ClCompile>
    <ClCompile Include="..\Private\Model_Selector.cpp">
      <Filter>02.GameObject\Tool\Tool_Selector\Model_Selector</Filter>
    </ClCompile>
    <ClCompile Include="..\Private\Tool_AnimList.cpp">
      <Filter>02.GameObject\Tool\Tool_Selector\Tool_AnimList</Filter>
    </ClCompile>
    <ClCompile Include="..\Private\Terrain.cpp">
      <Filter>02.GameObject\Terrain</Filter>
    </ClCompile>
    <ClCompile Include="..\Private\AnimTestObject.cpp">
      <Filter>02.GameObject\AnimTestObject</Filter>
    </ClCompile>
    <ClCompile Include="..\Private\AnimTestPartObject.cpp">
      <Filter>02.GameObject\AnimTestObject\AnimTestPartObject</Filter>
    </ClCompile>
    <ClCompile Include="..\Private\Tool_AnimPlayer.cpp">
      <Filter>02.GameObject\Tool\Tool_AnimPlayer</Filter>
    </ClCompile>
    <ClCompile Include="..\Private\Tool_PartObject.cpp">
      <Filter>02.GameObject\Tool\Tool_PartObject</Filter>
    </ClCompile>
    <ClCompile Include="..\Private\Tool_BoneLayer.cpp">
      <Filter>02.GameObject\Tool\Tool_BoneLayer</Filter>
    </ClCompile>
    <ClCompile Include="..\Private\Tool_IK.cpp">
      <Filter>02.GameObject\Tool\Tool_IK</Filter>
    </ClCompile>
    <ClCompile Include="..\Private\Tool_EventInserter.cpp">
      <Filter>02.GameObject\Tool\Tool_EventInserter</Filter>
    </ClCompile>
  </ItemGroup>
  <ItemGroup>
    <ClInclude Include="..\Public\MainApp.h">
      <Filter>00.MainApp</Filter>
    </ClInclude>
    <ClInclude Include="Animation_Tool.h">
      <Filter>98.Default</Filter>
    </ClInclude>
    <ClInclude Include="stdafx.h">
      <Filter>98.Default</Filter>
    </ClInclude>
    <ClInclude Include="targetver.h">
      <Filter>98.Default</Filter>
    </ClInclude>
    <ClInclude Include="..\Public\Tool_Defines.h">
      <Filter>99.Defines</Filter>
    </ClInclude>
    <ClInclude Include="..\Public\Tool_Enums.h">
      <Filter>99.Defines</Filter>
    </ClInclude>
    <ClInclude Include="Resource.h">
      <Filter>98.Default</Filter>
    </ClInclude>
    <ClInclude Include="..\Public\Level_Tool.h">
      <Filter>01.Levels\Tool</Filter>
    </ClInclude>
    <ClInclude Include="..\Public\Loader.h">
      <Filter>01.Levels\Loading\Loader</Filter>
    </ClInclude>
    <ClInclude Include="..\Public\Level_Loading.h">
      <Filter>01.Levels\Loading</Filter>
    </ClInclude>
    <ClInclude Include="..\Public\Level_Logo.h">
      <Filter>01.Levels\Logo</Filter>
    </ClInclude>
    <ClInclude Include="..\Public\Camera_Free.h">
      <Filter>02.GameObject\Camera</Filter>
    </ClInclude>
    <ClInclude Include="..\..\imguilib\imgui.h">
      <Filter>02.GameObject\ImGui\Include</Filter>
    </ClInclude>
    <ClInclude Include="..\..\imguilib\imgui_impl_dx11.h">
      <Filter>02.GameObject\ImGui\Include</Filter>
    </ClInclude>
    <ClInclude Include="..\..\imguilib\imgui_impl_win32.h">
      <Filter>02.GameObject\ImGui\Include</Filter>
    </ClInclude>
    <ClInclude Include="..\..\imguilib\imgui_internal.h">
      <Filter>02.GameObject\ImGui\Include</Filter>
    </ClInclude>
    <ClInclude Include="..\..\imguilib\ImGuizmo.h">
      <Filter>02.GameObject\ImGui\Include</Filter>
    </ClInclude>
    <ClInclude Include="..\..\imguilib\ImSequencer.h">
      <Filter>02.GameObject\ImGui\Include</Filter>
    </ClInclude>
    <ClInclude Include="..\..\imguilib\imstb_rectpack.h">
      <Filter>02.GameObject\ImGui\Include</Filter>
    </ClInclude>
    <ClInclude Include="..\..\imguilib\imstb_textedit.h">
      <Filter>02.GameObject\ImGui\Include</Filter>
    </ClInclude>
    <ClInclude Include="..\..\imguilib\imstb_truetype.h">
      <Filter>02.GameObject\ImGui\Include</Filter>
    </ClInclude>
    <ClInclude Include="..\..\imguilib\ImZoomSlider.h">
      <Filter>02.GameObject\ImGui\Include</Filter>
    </ClInclude>
    <ClInclude Include="..\..\imguilib\GraphEditor.h">
      <Filter>02.GameObject\ImGui\Include</Filter>
    </ClInclude>
    <ClInclude Include="..\..\imguilib\imconfig.h">
      <Filter>02.GameObject\ImGui\Include</Filter>
    </ClInclude>
    <ClInclude Include="..\..\imguilib\ImCurveEdit.h">
      <Filter>02.GameObject\ImGui\Include</Filter>
    </ClInclude>
    <ClInclude Include="..\..\imguilib\ImGradient.h">
      <Filter>02.GameObject\ImGui\Include</Filter>
    </ClInclude>
    <ClInclude Include="..\Public\Debuger.h">
      <Filter>02.GameObject\Debuger</Filter>
    </ClInclude>
    <ClInclude Include="..\Public\Editor.h">
      <Filter>02.GameObject\Editor</Filter>
    </ClInclude>
    <ClInclude Include="..\Public\GUIObject.h">
      <Filter>02.GameObject\ImGui\GUIObject</Filter>
    </ClInclude>
    <ClInclude Include="..\Public\AnimationEditor.h">
      <Filter>02.GameObject\Editor\AnimationEditor</Filter>
    </ClInclude>
    <ClInclude Include="..\Public\IMGuiManager.h">
      <Filter>02.GameObject\ImGui\Manager</Filter>
    </ClInclude>
    <ClInclude Include="..\Public\Tool.h">
      <Filter>02.GameObject\Tool</Filter>
    </ClInclude>
    <ClInclude Include="..\Public\Tool_Collider.h">
      <Filter>02.GameObject\Tool\Tool_Coolider</Filter>
    </ClInclude>
    <ClInclude Include="..\Public\Tool_Selector.h">
      <Filter>02.GameObject\Tool\Tool_Selector</Filter>
    </ClInclude>
    <ClInclude Include="..\Public\Tool_Transformation.h">
      <Filter>02.GameObject\Tool\Tool_Transformation</Filter>
    </ClInclude>
    <ClInclude Include="..\Public\Model_Selector.h">
      <Filter>02.GameObject\Tool\Tool_Selector\Model_Selector</Filter>
    </ClInclude>
    <ClInclude Include="..\Public\Tool_AnimList.h">
      <Filter>02.GameObject\Tool\Tool_Selector\Tool_AnimList</Filter>
    </ClInclude>
    <ClInclude Include="..\Public\Terrain.h">
      <Filter>02.GameObject\Terrain</Filter>
    </ClInclude>
    <ClInclude Include="..\Public\AnimTestObject.h">
      <Filter>02.GameObject\AnimTestObject</Filter>
    </ClInclude>
    <ClInclude Include="..\Public\AnimTestPartObject.h">
      <Filter>02.GameObject\AnimTestObject\AnimTestPartObject</Filter>
    </ClInclude>
    <ClInclude Include="..\Public\Tool_AnimPlayer.h">
      <Filter>02.GameObject\Tool\Tool_AnimPlayer</Filter>
    </ClInclude>
    <ClInclude Include="..\Public\Tool_PartObject.h">
      <Filter>02.GameObject\Tool\Tool_PartObject</Filter>
    </ClInclude>
    <ClInclude Include="..\Public\Tool_BoneLayer.h">
      <Filter>02.GameObject\Tool\Tool_BoneLayer</Filter>
    </ClInclude>
    <ClInclude Include="..\Public\Tool_IK.h">
      <Filter>02.GameObject\Tool\Tool_IK</Filter>
    </ClInclude>
    <ClInclude Include="..\Public\Tool_EventInserter.h">
      <Filter>02.GameObject\Tool\Tool_EventInserter</Filter>
    </ClInclude>
  </ItemGroup>
  <ItemGroup>
    <Image Include="Animation_Tool.ico">
      <Filter>98.Default</Filter>
    </Image>
    <Image Include="small.ico">
      <Filter>98.Default</Filter>
    </Image>
  </ItemGroup>
  <ItemGroup>
    <ResourceCompile Include="Animation_Tool.rc">
      <Filter>98.Default</Filter>
    </ResourceCompile>
  </ItemGroup>
  <ItemGroup>
    <FxCompile Include="..\Bin\ShaderFiles\Shader_VtxAnimModel.hlsl">
      <Filter>97.ShaderFiles</Filter>
    </FxCompile>
    <FxCompile Include="..\Bin\ShaderFiles\Shader_VtxCube.hlsl">
      <Filter>97.ShaderFiles</Filter>
    </FxCompile>
    <FxCompile Include="..\Bin\ShaderFiles\Shader_VtxInstance_Point.hlsl">
      <Filter>97.ShaderFiles</Filter>
    </FxCompile>
    <FxCompile Include="..\Bin\ShaderFiles\Shader_VtxInstance_Rect.hlsl">
      <Filter>97.ShaderFiles</Filter>
    </FxCompile>
    <FxCompile Include="..\Bin\ShaderFiles\Shader_VtxModel.hlsl">
      <Filter>97.ShaderFiles</Filter>
    </FxCompile>
    <FxCompile Include="..\Bin\ShaderFiles\Shader_VtxNorTex.hlsl">
      <Filter>97.ShaderFiles</Filter>
    </FxCompile>
    <FxCompile Include="..\Bin\ShaderFiles\Shader_VtxPosTex.hlsl">
      <Filter>97.ShaderFiles</Filter>
    </FxCompile>
  </ItemGroup>
</Project>