<?xml version="1.0" encoding="utf-8"?>
<Project ToolsVersion="4.0" xmlns="http://schemas.microsoft.com/developer/msbuild/2003">
  <ItemGroup>
    <Filter Include="00.MainApp">
      <UniqueIdentifier>{e8c1446f-d68b-429c-803b-6a9457cc52fa}</UniqueIdentifier>
    </Filter>
    <Filter Include="99.Defines">
      <UniqueIdentifier>{ce854a45-6a35-475d-8655-cb379d1be032}</UniqueIdentifier>
    </Filter>
    <Filter Include="01.Levels">
      <UniqueIdentifier>{cc644f60-4ecb-49a8-8586-e9c4ccbdb419}</UniqueIdentifier>
    </Filter>
    <Filter Include="98.Default">
      <UniqueIdentifier>{00a0e8fc-8926-4877-aa3c-b6cc3ff3f072}</UniqueIdentifier>
    </Filter>
    <Filter Include="01.Levels\Loading">
      <UniqueIdentifier>{783aa7d0-e4a9-47f3-b857-f5b824dad2b8}</UniqueIdentifier>
    </Filter>
    <Filter Include="01.Levels\Logo">
      <UniqueIdentifier>{7fa67ac9-2f2d-435f-bf35-849f5cbedd3c}</UniqueIdentifier>
    </Filter>
    <Filter Include="01.Levels\GamePlay">
      <UniqueIdentifier>{8b1d5579-1fb9-493c-96b9-62d618153e5d}</UniqueIdentifier>
    </Filter>
    <Filter Include="01.Levels\Loading\Loader">
      <UniqueIdentifier>{17ab5a45-d880-40f6-b518-e747936c79d3}</UniqueIdentifier>
    </Filter>
    <Filter Include="02.GameObjects">
      <UniqueIdentifier>{c4cae272-dd94-43ce-85e6-ecc0b24de4d0}</UniqueIdentifier>
    </Filter>
    <Filter Include="02.GameObjects\BackGround">
      <UniqueIdentifier>{ef3d146c-47a4-4cea-8ab8-0d3efb6a9884}</UniqueIdentifier>
    </Filter>
    <Filter Include="97.ShaderFiles">
      <UniqueIdentifier>{6c97f181-1c24-4522-bedb-7c3ed51e738e}</UniqueIdentifier>
    </Filter>
    <Filter Include="02.GameObjects\Terrain">
      <UniqueIdentifier>{2d974beb-fe5f-4430-bca0-fe15325e50c4}</UniqueIdentifier>
    </Filter>
    <Filter Include="02.GameObjects\Camera">
      <UniqueIdentifier>{75e45318-a739-4941-9854-12d78de671fe}</UniqueIdentifier>
    </Filter>
    <Filter Include="02.GameObjects\Monster">
      <UniqueIdentifier>{50e192cf-62e9-428c-8e92-b730a586d56b}</UniqueIdentifier>
    </Filter>
    <Filter Include="02.GameObjects\Player">
      <UniqueIdentifier>{c8892da5-ac0a-4aa1-83ab-12a0fd1f52c6}</UniqueIdentifier>
    </Filter>
    <Filter Include="02.GameObjects\Player\Body">
      <UniqueIdentifier>{40fb19c9-0a14-4c9d-9fe2-39d35c97f865}</UniqueIdentifier>
    </Filter>
    <Filter Include="02.GameObjects\Player\Weapon">
      <UniqueIdentifier>{b3b00c76-db29-40f1-91c2-575d98ee7852}</UniqueIdentifier>
    </Filter>
    <Filter Include="02.GameObjects\Sky">
      <UniqueIdentifier>{44a9bfc4-49d4-4584-82e2-8973a2c4c1ec}</UniqueIdentifier>
    </Filter>
    <Filter Include="02.GameObjects\Particle">
      <UniqueIdentifier>{0cbb16a0-33db-47fd-ac68-1b84e546d85c}</UniqueIdentifier>
    </Filter>
    <Filter Include="02.GameObjects\Effect">
      <UniqueIdentifier>{0edb2087-d32c-40a2-9194-da85c1f37519}</UniqueIdentifier>
    </Filter>
    <Filter Include="02.GameObjects\Player\Head">
      <UniqueIdentifier>{2095859b-bd47-433e-ba92-228eb4b01619}</UniqueIdentifier>
    </Filter>
    <Filter Include="02.GameObjects\Player\Hair">
      <UniqueIdentifier>{06a26c20-e93f-491c-9f17-a6dabe0d4021}</UniqueIdentifier>
    </Filter>
    <Filter Include="02.GameObjects\Props">
      <UniqueIdentifier>{0cb153c4-04e5-4c35-af38-153a968bfcae}</UniqueIdentifier>
    </Filter>
    <Filter Include="02.GameObjects\UI">
      <UniqueIdentifier>{9832ad11-317f-47c4-a17f-42e4a22153a3}</UniqueIdentifier>
    </Filter>
    <Filter Include="02.GameObjects\UI\TextBox">
      <UniqueIdentifier>{abdbf2c9-92cc-4833-ac49-54faee5a66fd}</UniqueIdentifier>
    </Filter>
    <Filter Include="02.GameObjects\CustomCollider">
      <UniqueIdentifier>{66bce26c-c0c8-4789-bb6a-591f64bef163}</UniqueIdentifier>
    </Filter>
    <Filter Include="AIController">
      <UniqueIdentifier>{5f9b1726-6c27-40c6-a328-0a0450dd77bd}</UniqueIdentifier>
    </Filter>
    <Filter Include="AIController\Zombie">
      <UniqueIdentifier>{17427bf7-5af3-448b-9ab4-81220ef7dd37}</UniqueIdentifier>
    </Filter>
    <Filter Include="AIController\Zombie\Decorator">
      <UniqueIdentifier>{e7a9caf3-8a95-42ff-9a85-661132d6ccc0}</UniqueIdentifier>
    </Filter>
    <Filter Include="AIController\Zombie\Task">
      <UniqueIdentifier>{a3234f00-5adb-4ce0-8c97-38afbd2b2638}</UniqueIdentifier>
    </Filter>
    <Filter Include="AIController\Zombie\BlackBoard">
      <UniqueIdentifier>{e33e900e-5192-4c9a-b631-9e1407794ffe}</UniqueIdentifier>
    </Filter>
    <Filter Include="02.GameObjects\NavMesh_Debug">
      <UniqueIdentifier>{46a49323-d9a7-4d23-ad31-69ab387de648}</UniqueIdentifier>
    </Filter>
    <Filter Include="02.GameObjects\Player\State">
      <UniqueIdentifier>{04af3364-0a83-49cc-b58e-1d124038f915}</UniqueIdentifier>
    </Filter>
    <Filter Include="02.GameObjects\Player\State\Player_State_Move">
      <UniqueIdentifier>{1fcbbdb0-b683-441f-8565-7169b77c8d1d}</UniqueIdentifier>
    </Filter>
    <Filter Include="02.GameObjects\Player\State\Player_State_Hold">
      <UniqueIdentifier>{cf681df5-8c32-45b1-bb54-bccd9a0f60c3}</UniqueIdentifier>
    </Filter>
    <Filter Include="02.GameObjects\Player\State\Player_State_Damg">
      <UniqueIdentifier>{94d3ab13-025c-408b-87af-20b5e8b80ac8}</UniqueIdentifier>
    </Filter>
    <Filter Include="02.GameObjects\Player\State\Player_State_Move\Player_State_Move_Idle">
      <UniqueIdentifier>{b4b9c127-305b-47ed-a413-5006646ae188}</UniqueIdentifier>
    </Filter>
    <Filter Include="02.GameObjects\Player\State\Player_State_Move\Player_State_Move_Walk">
      <UniqueIdentifier>{4e0e6223-09b1-4c48-9724-01b3f455e51e}</UniqueIdentifier>
    </Filter>
    <Filter Include="02.GameObjects\Player\State\Player_State_Move\Player_State_Move_Jog">
      <UniqueIdentifier>{463a6a2f-4232-4fcc-a625-804da3e0d700}</UniqueIdentifier>
    </Filter>
    <Filter Include="02.GameObjects\Player\State\Player_State_Move\Player_State_Move_Stair">
      <UniqueIdentifier>{7b41809a-15c9-4a70-9130-c77c3c7123e5}</UniqueIdentifier>
    </Filter>
    <Filter Include="02.GameObjects\Monster\Body">
      <UniqueIdentifier>{434ae696-9846-43b2-a3bd-47aad7b0c62f}</UniqueIdentifier>
    </Filter>
    <Filter Include="02.GameObjects\Monster\Clothes">
      <UniqueIdentifier>{48b078ea-e64d-478b-8db2-7e8490506c6b}</UniqueIdentifier>
    </Filter>
    <Filter Include="02.GameObjects\Map">
      <UniqueIdentifier>{6efea4f9-497a-4357-b128-793862780e4f}</UniqueIdentifier>
    </Filter>
    <Filter Include="02.GameObjects\UI\1. Crosshair">
      <UniqueIdentifier>{de31e2a8-de06-4aa6-9adc-e319f9ef451f}</UniqueIdentifier>
    </Filter>
    <Filter Include="02.GameObjects\UI\2. Cursor">
      <UniqueIdentifier>{a6a85258-66c2-4d03-a771-07c4fb843049}</UniqueIdentifier>
    </Filter>
    <Filter Include="02.GameObjects\Tab_Window">
      <UniqueIdentifier>{ea70fdf9-35f3-4236-9447-ce5555b4d60b}</UniqueIdentifier>
    </Filter>
    <Filter Include="02.GameObjects\UI\0. Customize_UI">
      <UniqueIdentifier>{0740d5c9-1780-400c-9d38-ca84c8f26b22}</UniqueIdentifier>
    </Filter>
    <Filter Include="02.GameObjects\UI\3. HP Bar">
      <UniqueIdentifier>{0c7a9a8f-c48d-4e15-99be-fe77c934ffef}</UniqueIdentifier>
    </Filter>
    <Filter Include="02.GameObjects\UI\4. Bullet">
      <UniqueIdentifier>{dc11b041-87e7-45d1-a117-42f0a760c3d0}</UniqueIdentifier>
    </Filter>
    <Filter Include="02.GameObjects\UI\5. Title">
      <UniqueIdentifier>{69425a38-73a5-48a8-9615-1813782dd9e5}</UniqueIdentifier>
    </Filter>
    <Filter Include="02.GameObjects\UI\6. MissionBar">
      <UniqueIdentifier>{5ef54c33-f262-44ff-abd9-708bb98bc07a}</UniqueIdentifier>
    </Filter>
    <Filter Include="02.GameObjects\UI\4. Button">
      <UniqueIdentifier>{7fc90c93-6b32-4a7f-a9c8-c8b678069a93}</UniqueIdentifier>
    </Filter>
    <Filter Include="02.GameObjects\UI\Inventory">
      <UniqueIdentifier>{480eb32d-ce0b-4c0e-9e44-864624d90274}</UniqueIdentifier>
    </Filter>
    <Filter Include="02.GameObjects\UI\Inventory\1. Inventory Item">
      <UniqueIdentifier>{0ecab370-b1e7-4ba2-98ef-c2d58e26d1a6}</UniqueIdentifier>
    </Filter>
    <Filter Include="02.GameObjects\Monster\Face">
      <UniqueIdentifier>{f4f724c2-f86b-4319-869a-c7a8be8c2039}</UniqueIdentifier>
    </Filter>
  </ItemGroup>
  <ItemGroup>
    <Text Include="ReadMe.txt" />
  </ItemGroup>
  <ItemGroup>
    <ClInclude Include="Client.h">
      <Filter>98.Default</Filter>
    </ClInclude>
    <ClInclude Include="Resource.h">
      <Filter>98.Default</Filter>
    </ClInclude>
    <ClInclude Include="stdafx.h">
      <Filter>98.Default</Filter>
    </ClInclude>
    <ClInclude Include="targetver.h">
      <Filter>98.Default</Filter>
    </ClInclude>
    <ClInclude Include="..\public\MainApp.h">
      <Filter>00.MainApp</Filter>
    </ClInclude>
    <ClInclude Include="..\Public\Level_GamePlay.h">
      <Filter>01.Levels\GamePlay</Filter>
    </ClInclude>
    <ClInclude Include="..\Public\Level_Loading.h">
      <Filter>01.Levels\Loading</Filter>
    </ClInclude>
    <ClInclude Include="..\Public\Level_Logo.h">
      <Filter>01.Levels\Logo</Filter>
    </ClInclude>
    <ClInclude Include="..\Public\Loader.h">
      <Filter>01.Levels\Loading\Loader</Filter>
    </ClInclude>
    <ClInclude Include="..\public\BackGround.h">
      <Filter>02.GameObjects\BackGround</Filter>
    </ClInclude>
    <ClInclude Include="..\Public\Terrain.h">
      <Filter>02.GameObjects\Terrain</Filter>
    </ClInclude>
    <ClInclude Include="..\public\Camera_Free.h">
      <Filter>02.GameObjects\Camera</Filter>
    </ClInclude>
    <ClInclude Include="..\Public\Client_Defines.h">
      <Filter>99.Defines</Filter>
    </ClInclude>
    <ClInclude Include="..\Public\Monster.h">
      <Filter>02.GameObjects\Monster</Filter>
    </ClInclude>
    <ClInclude Include="..\public\Player.h">
      <Filter>02.GameObjects\Player</Filter>
    </ClInclude>
    <ClInclude Include="..\Public\Body_Player.h">
      <Filter>02.GameObjects\Player\Body</Filter>
    </ClInclude>
    <ClInclude Include="..\Public\Weapon.h">
      <Filter>02.GameObjects\Player\Weapon</Filter>
    </ClInclude>
    <ClInclude Include="..\Public\Sky.h">
      <Filter>02.GameObjects\Sky</Filter>
    </ClInclude>
    <ClInclude Include="..\public\Effect.h">
      <Filter>02.GameObjects\Effect</Filter>
    </ClInclude>
    <ClInclude Include="..\Public\Head_Player.h">
      <Filter>02.GameObjects\Player\Head</Filter>
    </ClInclude>
    <ClInclude Include="..\Public\Hair_Player.h">
      <Filter>02.GameObjects\Player\Hair</Filter>
    </ClInclude>
    <ClInclude Include="..\Public\Client_Enumsh.h">
      <Filter>99.Defines</Filter>
    </ClInclude>
    <ClInclude Include="..\Public\Props.h">
      <Filter>02.GameObjects\Props</Filter>
    </ClInclude>
    <ClInclude Include="..\Public\UI.h">
      <Filter>02.GameObjects\UI</Filter>
    </ClInclude>
    <ClInclude Include="..\Public\Customize_UI.h">
      <Filter>02.GameObjects\UI\0. Customize_UI</Filter>
    </ClInclude>
    <ClInclude Include="..\Public\TextBox.h">
      <Filter>02.GameObjects\UI\TextBox</Filter>
    </ClInclude>
    <ClInclude Include="..\Public\CustomCollider.h">
      <Filter>02.GameObjects\CustomCollider</Filter>
    </ClInclude>
    <ClInclude Include="..\Public\NavMesh_Debug.h">
      <Filter>02.GameObjects\NavMesh_Debug</Filter>
    </ClInclude>
    <ClInclude Include="..\Public\Player_State_Move.h">
      <Filter>02.GameObjects\Player\State\Player_State_Move</Filter>
    </ClInclude>
    <ClInclude Include="..\Public\Player_State_Move_Idle.h">
      <Filter>02.GameObjects\Player\State\Player_State_Move\Player_State_Move_Idle</Filter>
    </ClInclude>
    <ClInclude Include="..\Public\Player_State_Move_Walk.h">
      <Filter>02.GameObjects\Player\State\Player_State_Move\Player_State_Move_Walk</Filter>
    </ClInclude>
    <ClInclude Include="..\Public\Body_Monster.h">
      <Filter>02.GameObjects\Monster\Body</Filter>
    </ClInclude>
    <ClInclude Include="..\Public\Map.h">
      <Filter>02.GameObjects\Map</Filter>
    </ClInclude>
    <ClInclude Include="..\Public\Crosshair_UI.h">
      <Filter>02.GameObjects\UI\1. Crosshair</Filter>
    </ClInclude>
    <ClInclude Include="..\Public\Cursor_UI.h">
      <Filter>02.GameObjects\UI\2. Cursor</Filter>
    </ClInclude>
    <ClInclude Include="..\Public\Inventory.h">
      <Filter>02.GameObjects\UI\Inventory</Filter>
    </ClInclude>
    <ClInclude Include="..\Public\Inventory_Item_UI.h">
      <Filter>02.GameObjects\UI\Inventory\1. Inventory Item</Filter>
    </ClInclude>
    <ClInclude Include="..\Public\Tab_Window.h">
      <Filter>02.GameObjects\Tab_Window</Filter>
    </ClInclude>
    <ClInclude Include="..\Public\HPBar_UI.h">
      <Filter>02.GameObjects\UI\3. HP Bar</Filter>
    </ClInclude>
    <ClInclude Include="..\Public\Button_UI.h">
      <Filter>02.GameObjects\UI\4. Button</Filter>
    </ClInclude>
    <ClInclude Include="..\Public\Bullet_UI.h">
      <Filter>02.GameObjects\UI\4. Bullet</Filter>
    </ClInclude>
    <ClInclude Include="..\Public\Title_UI.h">
      <Filter>02.GameObjects\UI\5. Title</Filter>
    </ClInclude>
    <ClInclude Include="..\Public\MissionBar_UI.h">
      <Filter>02.GameObjects\UI\6. MissionBar</Filter>
    </ClInclude>
    <ClInclude Include="..\Public\Player_State_Move_Jog.h">
      <Filter>02.GameObjects\Player\State\Player_State_Move\Player_State_Move_Jog</Filter>
    </ClInclude>
    <ClInclude Include="..\Public\Face_Monster.h">
      <Filter>02.GameObjects\Monster\Face</Filter>
    </ClInclude>
    <ClInclude Include="..\Public\Clothes_Monster.h">
      <Filter>02.GameObjects\Monster\Clothes</Filter>
    </ClInclude>
    <ClInclude Include="..\Public\Player_State_Hold.h" />
  </ItemGroup>
  <ItemGroup>
    <ClCompile Include="Client.cpp">
      <Filter>98.Default</Filter>
    </ClCompile>
    <ClCompile Include="stdafx.cpp">
      <Filter>98.Default</Filter>
    </ClCompile>
    <ClCompile Include="..\private\MainApp.cpp">
      <Filter>00.MainApp</Filter>
    </ClCompile>
    <ClCompile Include="..\Private\Level_GamePlay.cpp">
      <Filter>01.Levels\GamePlay</Filter>
    </ClCompile>
    <ClCompile Include="..\Private\Level_Loading.cpp">
      <Filter>01.Levels\Loading</Filter>
    </ClCompile>
    <ClCompile Include="..\Private\Level_Logo.cpp">
      <Filter>01.Levels\Logo</Filter>
    </ClCompile>
    <ClCompile Include="..\Private\Loader.cpp">
      <Filter>01.Levels\Loading\Loader</Filter>
    </ClCompile>
    <ClCompile Include="..\private\BackGround.cpp">
      <Filter>02.GameObjects\BackGround</Filter>
    </ClCompile>
    <ClCompile Include="..\Private\Terrain.cpp">
      <Filter>02.GameObjects\Terrain</Filter>
    </ClCompile>
    <ClCompile Include="..\private\Camera_Free.cpp">
      <Filter>02.GameObjects\Camera</Filter>
    </ClCompile>
    <ClCompile Include="..\private\Monster.cpp">
      <Filter>02.GameObjects\Monster</Filter>
    </ClCompile>
    <ClCompile Include="..\private\Player.cpp">
      <Filter>02.GameObjects\Player</Filter>
    </ClCompile>
    <ClCompile Include="..\Private\Body_Player.cpp">
      <Filter>02.GameObjects\Player\Body</Filter>
    </ClCompile>
    <ClCompile Include="..\Private\Weapon.cpp">
      <Filter>02.GameObjects\Player\Weapon</Filter>
    </ClCompile>
    <ClCompile Include="..\Private\Sky.cpp">
      <Filter>02.GameObjects\Sky</Filter>
    </ClCompile>
    <ClCompile Include="..\private\Effect.cpp">
      <Filter>02.GameObjects\Effect</Filter>
    </ClCompile>
    <ClCompile Include="..\Private\Head_Player.cpp">
      <Filter>02.GameObjects\Player\Head</Filter>
    </ClCompile>
    <ClCompile Include="..\Private\Hair_Player.cpp">
      <Filter>02.GameObjects\Player\Hair</Filter>
    </ClCompile>
    <ClCompile Include="..\Private\Props.cpp">
      <Filter>02.GameObjects\Props</Filter>
    </ClCompile>
    <ClCompile Include="..\Private\UI.cpp">
      <Filter>02.GameObjects\UI</Filter>
    </ClCompile>
    <ClCompile Include="..\Private\Customize_UI.cpp">
      <Filter>02.GameObjects\UI\0. Customize_UI</Filter>
    </ClCompile>
    <ClCompile Include="..\Private\TextBox.cpp">
      <Filter>02.GameObjects\UI\TextBox</Filter>
    </ClCompile>
    <ClCompile Include="..\Private\CustomCollider.cpp">
      <Filter>02.GameObjects\CustomCollider</Filter>
    </ClCompile>
    <ClCompile Include="..\Private\NavMesh_Debug.cpp">
      <Filter>02.GameObjects\NavMesh_Debug</Filter>
    </ClCompile>
    <ClCompile Include="..\Private\Player_State_Move.cpp">
      <Filter>02.GameObjects\Player\State\Player_State_Move</Filter>
    </ClCompile>
    <ClCompile Include="..\Private\Player_State_Move_Idle.cpp">
      <Filter>02.GameObjects\Player\State\Player_State_Move\Player_State_Move_Idle</Filter>
    </ClCompile>
    <ClCompile Include="..\Private\Player_State_Move_Walk.cpp">
      <Filter>02.GameObjects\Player\State\Player_State_Move\Player_State_Move_Walk</Filter>
    </ClCompile>
    <ClCompile Include="..\Private\Body_Monster.cpp">
      <Filter>02.GameObjects\Monster\Body</Filter>
    </ClCompile>
    <ClCompile Include="..\Private\Map.cpp">
      <Filter>02.GameObjects\Map</Filter>
    </ClCompile>
    <ClCompile Include="..\Private\Crosshair_UI.cpp">
      <Filter>02.GameObjects\UI\1. Crosshair</Filter>
    </ClCompile>
    <ClCompile Include="..\Private\Cursor_UI.cpp">
      <Filter>02.GameObjects\UI\2. Cursor</Filter>
    </ClCompile>
    <ClCompile Include="..\Private\Inventory.cpp">
      <Filter>02.GameObjects\UI\Inventory</Filter>
    </ClCompile>
    <ClCompile Include="..\Private\Inventory_Item_UI.cpp">
      <Filter>02.GameObjects\UI\Inventory\1. Inventory Item</Filter>
    </ClCompile>
    <ClCompile Include="..\Private\Tab_Window.cpp">
      <Filter>02.GameObjects\Tab_Window</Filter>
    </ClCompile>
    <ClCompile Include="..\Private\HPBar_UI.cpp">
      <Filter>02.GameObjects\UI\3. HP Bar</Filter>
    </ClCompile>
    <ClCompile Include="..\Private\Button_UI.cpp">
      <Filter>02.GameObjects\UI\4. Button</Filter>
    </ClCompile>
    <ClCompile Include="..\Private\Bullet_UI.cpp">
      <Filter>02.GameObjects\UI\4. Bullet</Filter>
    </ClCompile>
    <ClCompile Include="..\Private\Title_UI.cpp">
      <Filter>02.GameObjects\UI\5. Title</Filter>
    </ClCompile>
    <ClCompile Include="..\Private\MissionBar_UI.cpp">
      <Filter>02.GameObjects\UI\6. MissionBar</Filter>
    </ClCompile>
    <ClCompile Include="..\Private\Player_State_Move_Jog.cpp">
      <Filter>02.GameObjects\Player\State\Player_State_Move\Player_State_Move_Jog</Filter>
    </ClCompile>
    <ClCompile Include="..\Private\Clothes_Monster.cpp">
      <Filter>02.GameObjects\Monster\Clothes</Filter>
    </ClCompile>
    <ClCompile Include="..\Private\Face_Monster.cpp">
      <Filter>02.GameObjects\Monster\Face</Filter>
    </ClCompile>
    <ClCompile Include="..\Private\Player_State_Hold.cpp" />
  </ItemGroup>
  <ItemGroup>
    <Image Include="Client.ico">
      <Filter>98.Default</Filter>
    </Image>
    <Image Include="small.ico">
      <Filter>98.Default</Filter>
    </Image>
  </ItemGroup>
  <ItemGroup>
    <ResourceCompile Include="Client.rc">
      <Filter>98.Default</Filter>
    </ResourceCompile>
  </ItemGroup>
  <ItemGroup>
    <FxCompile Include="..\Bin\ShaderFiles\Shader_VtxNorTex.hlsl">
      <Filter>97.ShaderFiles</Filter>
    </FxCompile>
    <FxCompile Include="..\Bin\ShaderFiles\Shader_VtxModel.hlsl">
      <Filter>97.ShaderFiles</Filter>
    </FxCompile>
    <FxCompile Include="..\Bin\ShaderFiles\Shader_VtxAnimModel.hlsl">
      <Filter>97.ShaderFiles</Filter>
    </FxCompile>
    <FxCompile Include="..\Bin\ShaderFiles\Shader_VtxCube.hlsl">
      <Filter>97.ShaderFiles</Filter>
    </FxCompile>
    <FxCompile Include="..\Bin\ShaderFiles\Shader_VtxInstance_Rect.hlsl">
      <Filter>97.ShaderFiles</Filter>
    </FxCompile>
    <FxCompile Include="..\Bin\ShaderFiles\Shader_VtxInstance_Point.hlsl">
      <Filter>97.ShaderFiles</Filter>
    </FxCompile>
    <FxCompile Include="..\Bin\ShaderFiles\Shader_VtxPosTex.hlsl">
      <Filter>97.ShaderFiles</Filter>
    </FxCompile>
    <FxCompile Include="..\Bin\ShaderFiles\Shader_VtxAlphaSortTex.hlsl">
      <Filter>97.ShaderFiles</Filter>
    </FxCompile>
  </ItemGroup>
</Project>