<?xml version="1.0" encoding="utf-8"?>
<Project ToolsVersion="4.0" xmlns="http://schemas.microsoft.com/developer/msbuild/2003">
  <ItemGroup>
    <Filter Include="00.MainApp">
      <UniqueIdentifier>{e8c1446f-d68b-429c-803b-6a9457cc52fa}</UniqueIdentifier>
    </Filter>
    <Filter Include="99.Defines">
      <UniqueIdentifier>{ce854a45-6a35-475d-8655-cb379d1be032}</UniqueIdentifier>
    </Filter>
    <Filter Include="01.Levels">
      <UniqueIdentifier>{cc644f60-4ecb-49a8-8586-e9c4ccbdb419}</UniqueIdentifier>
    </Filter>
    <Filter Include="98.Default">
      <UniqueIdentifier>{00a0e8fc-8926-4877-aa3c-b6cc3ff3f072}</UniqueIdentifier>
    </Filter>
    <Filter Include="01.Levels\Loading">
      <UniqueIdentifier>{783aa7d0-e4a9-47f3-b857-f5b824dad2b8}</UniqueIdentifier>
    </Filter>
    <Filter Include="01.Levels\Logo">
      <UniqueIdentifier>{7fa67ac9-2f2d-435f-bf35-849f5cbedd3c}</UniqueIdentifier>
    </Filter>
    <Filter Include="01.Levels\GamePlay">
      <UniqueIdentifier>{8b1d5579-1fb9-493c-96b9-62d618153e5d}</UniqueIdentifier>
    </Filter>
    <Filter Include="01.Levels\Loading\Loader">
      <UniqueIdentifier>{17ab5a45-d880-40f6-b518-e747936c79d3}</UniqueIdentifier>
    </Filter>
    <Filter Include="02.GameObjects">
      <UniqueIdentifier>{c4cae272-dd94-43ce-85e6-ecc0b24de4d0}</UniqueIdentifier>
    </Filter>
    <Filter Include="02.GameObjects\BackGround">
      <UniqueIdentifier>{ef3d146c-47a4-4cea-8ab8-0d3efb6a9884}</UniqueIdentifier>
    </Filter>
    <Filter Include="97.ShaderFiles">
      <UniqueIdentifier>{6c97f181-1c24-4522-bedb-7c3ed51e738e}</UniqueIdentifier>
    </Filter>
    <Filter Include="02.GameObjects\Terrain">
      <UniqueIdentifier>{2d974beb-fe5f-4430-bca0-fe15325e50c4}</UniqueIdentifier>
    </Filter>
    <Filter Include="02.GameObjects\Camera">
      <UniqueIdentifier>{75e45318-a739-4941-9854-12d78de671fe}</UniqueIdentifier>
    </Filter>
    <Filter Include="02.GameObjects\Monster">
      <UniqueIdentifier>{50e192cf-62e9-428c-8e92-b730a586d56b}</UniqueIdentifier>
    </Filter>
    <Filter Include="02.GameObjects\Player">
      <UniqueIdentifier>{c8892da5-ac0a-4aa1-83ab-12a0fd1f52c6}</UniqueIdentifier>
    </Filter>
    <Filter Include="02.GameObjects\Player\Body">
      <UniqueIdentifier>{40fb19c9-0a14-4c9d-9fe2-39d35c97f865}</UniqueIdentifier>
    </Filter>
    <Filter Include="02.GameObjects\Player\Weapon">
      <UniqueIdentifier>{b3b00c76-db29-40f1-91c2-575d98ee7852}</UniqueIdentifier>
    </Filter>
    <Filter Include="02.GameObjects\Particle">
      <UniqueIdentifier>{0cbb16a0-33db-47fd-ac68-1b84e546d85c}</UniqueIdentifier>
    </Filter>
    <Filter Include="02.GameObjects\Effect">
      <UniqueIdentifier>{0edb2087-d32c-40a2-9194-da85c1f37519}</UniqueIdentifier>
    </Filter>
    <Filter Include="02.GameObjects\Player\Head">
      <UniqueIdentifier>{2095859b-bd47-433e-ba92-228eb4b01619}</UniqueIdentifier>
    </Filter>
    <Filter Include="02.GameObjects\Player\Hair">
      <UniqueIdentifier>{06a26c20-e93f-491c-9f17-a6dabe0d4021}</UniqueIdentifier>
    </Filter>
    <Filter Include="02.GameObjects\UI">
      <UniqueIdentifier>{9832ad11-317f-47c4-a17f-42e4a22153a3}</UniqueIdentifier>
    </Filter>
    <Filter Include="02.GameObjects\CustomCollider">
      <UniqueIdentifier>{66bce26c-c0c8-4789-bb6a-591f64bef163}</UniqueIdentifier>
    </Filter>
    <Filter Include="02.GameObjects\NavMesh_Debug">
      <UniqueIdentifier>{46a49323-d9a7-4d23-ad31-69ab387de648}</UniqueIdentifier>
    </Filter>
    <Filter Include="02.GameObjects\Player\State">
      <UniqueIdentifier>{04af3364-0a83-49cc-b58e-1d124038f915}</UniqueIdentifier>
    </Filter>
    <Filter Include="02.GameObjects\Player\State\Player_State_Move">
      <UniqueIdentifier>{1fcbbdb0-b683-441f-8565-7169b77c8d1d}</UniqueIdentifier>
    </Filter>
    <Filter Include="02.GameObjects\Player\State\Player_State_Hold">
      <UniqueIdentifier>{cf681df5-8c32-45b1-bb54-bccd9a0f60c3}</UniqueIdentifier>
    </Filter>
    <Filter Include="02.GameObjects\Player\State\Player_State_Move\Player_State_Move_Idle">
      <UniqueIdentifier>{b4b9c127-305b-47ed-a413-5006646ae188}</UniqueIdentifier>
    </Filter>
    <Filter Include="02.GameObjects\Player\State\Player_State_Move\Player_State_Move_Walk">
      <UniqueIdentifier>{4e0e6223-09b1-4c48-9724-01b3f455e51e}</UniqueIdentifier>
    </Filter>
    <Filter Include="02.GameObjects\Player\State\Player_State_Move\Player_State_Move_Jog">
      <UniqueIdentifier>{463a6a2f-4232-4fcc-a625-804da3e0d700}</UniqueIdentifier>
    </Filter>
    <Filter Include="02.GameObjects\Player\State\Player_State_Move\Player_State_Move_Stair">
      <UniqueIdentifier>{7b41809a-15c9-4a70-9130-c77c3c7123e5}</UniqueIdentifier>
    </Filter>
    <Filter Include="02.GameObjects\UI\1. Crosshair">
      <UniqueIdentifier>{de31e2a8-de06-4aa6-9adc-e319f9ef451f}</UniqueIdentifier>
    </Filter>
    <Filter Include="02.GameObjects\UI\2. Cursor">
      <UniqueIdentifier>{a6a85258-66c2-4d03-a771-07c4fb843049}</UniqueIdentifier>
    </Filter>
    <Filter Include="02.GameObjects\UI\0. Customize_UI">
      <UniqueIdentifier>{0740d5c9-1780-400c-9d38-ca84c8f26b22}</UniqueIdentifier>
    </Filter>
    <Filter Include="02.GameObjects\UI\3. HP Bar">
      <UniqueIdentifier>{0c7a9a8f-c48d-4e15-99be-fe77c934ffef}</UniqueIdentifier>
    </Filter>
    <Filter Include="02.GameObjects\UI\4. Button">
      <UniqueIdentifier>{7fc90c93-6b32-4a7f-a9c8-c8b678069a93}</UniqueIdentifier>
    </Filter>
    <Filter Include="02.GameObjects\UI\5. Bullet">
      <UniqueIdentifier>{dc11b041-87e7-45d1-a117-42f0a760c3d0}</UniqueIdentifier>
    </Filter>
    <Filter Include="02.GameObjects\UI\6. Title">
      <UniqueIdentifier>{69425a38-73a5-48a8-9615-1813782dd9e5}</UniqueIdentifier>
    </Filter>
    <Filter Include="02.GameObjects\UI\7. MissionBar">
      <UniqueIdentifier>{5ef54c33-f262-44ff-abd9-708bb98bc07a}</UniqueIdentifier>
    </Filter>
    <Filter Include="02.GameObjects\UI\8. Tutorial">
      <UniqueIdentifier>{c966f61c-ce9f-4c2e-8899-8c498903fefd}</UniqueIdentifier>
    </Filter>
    <Filter Include="02.GameObjects\UI\9. Inventory">
      <UniqueIdentifier>{480eb32d-ce0b-4c0e-9e44-864624d90274}</UniqueIdentifier>
    </Filter>
    <Filter Include="02.GameObjects\UI\9. Inventory\1. Inventory Item">
      <UniqueIdentifier>{0ecab370-b1e7-4ba2-98ef-c2d58e26d1a6}</UniqueIdentifier>
    </Filter>
    <Filter Include="02.GameObjects\UI\7. TextBox">
      <UniqueIdentifier>{abdbf2c9-92cc-4833-ac49-54faee5a66fd}</UniqueIdentifier>
    </Filter>
    <Filter Include="02.GameObjects\UI\99. Tab_Window">
      <UniqueIdentifier>{ea70fdf9-35f3-4236-9447-ce5555b4d60b}</UniqueIdentifier>
    </Filter>
    <Filter Include="02.GameObjects\UI\10. Selector">
      <UniqueIdentifier>{a3e41bb2-6af9-484d-82ec-810385b14071}</UniqueIdentifier>
    </Filter>
    <Filter Include="02.GameObjects\Monster\Zombie">
      <UniqueIdentifier>{a3033983-1786-4311-8374-7759419d3fe1}</UniqueIdentifier>
    </Filter>
    <Filter Include="02.GameObjects\Monster\Zombie\Body">
      <UniqueIdentifier>{434ae696-9846-43b2-a3bd-47aad7b0c62f}</UniqueIdentifier>
    </Filter>
    <Filter Include="02.GameObjects\Monster\Zombie\Clothes">
      <UniqueIdentifier>{48b078ea-e64d-478b-8db2-7e8490506c6b}</UniqueIdentifier>
    </Filter>
    <Filter Include="02.GameObjects\Monster\Zombie\Face">
      <UniqueIdentifier>{f4f724c2-f86b-4319-869a-c7a8be8c2039}</UniqueIdentifier>
    </Filter>
    <Filter Include="02.GameObjects\Player\State\Player_State_Hold\Player_State_Hold_Idle">
      <UniqueIdentifier>{ff8fd778-7dfc-4f28-aa3c-7e33181c9fc9}</UniqueIdentifier>
    </Filter>
    <Filter Include="02.GameObjects\Player\State\Player_State_Hold\Player_State_Hold_Start">
      <UniqueIdentifier>{b025c7ed-6e85-4b6f-a0e9-ec6b9361ec01}</UniqueIdentifier>
    </Filter>
    <Filter Include="02.GameObjects\MapObject">
      <UniqueIdentifier>{7680dede-3705-429b-b9df-d9ea1119c90a}</UniqueIdentifier>
    </Filter>
    <Filter Include="02.GameObjects\MapObject\Map">
      <UniqueIdentifier>{6efea4f9-497a-4357-b128-793862780e4f}</UniqueIdentifier>
    </Filter>
    <Filter Include="02.GameObjects\MapObject\InteractProps">
      <UniqueIdentifier>{1e752c72-b826-4dce-825b-57f84ad1fdef}</UniqueIdentifier>
    </Filter>
    <Filter Include="02.GameObjects\MapObject\Props">
      <UniqueIdentifier>{0cb153c4-04e5-4c35-af38-153a968bfcae}</UniqueIdentifier>
    </Filter>
    <Filter Include="02.GameObjects\MapObject\InteractProps\Cabinet">
      <UniqueIdentifier>{25134504-2b17-441f-abfe-17c502b97904}</UniqueIdentifier>
    </Filter>
    <Filter Include="02.GameObjects\MapObject\InteractProps\Door">
      <UniqueIdentifier>{d1c27c97-30d4-4b83-906a-bba728892adc}</UniqueIdentifier>
    </Filter>
    <Filter Include="02.GameObjects\MapObject\InteractProps\NewpoliceStatue">
      <UniqueIdentifier>{47257adc-c543-4f5b-b6d4-fd3f14c7e2d8}</UniqueIdentifier>
    </Filter>
    <Filter Include="02.GameObjects\MapObject\InteractProps\Window">
      <UniqueIdentifier>{ddf175cd-bedd-42ef-b3bf-e3afee721d66}</UniqueIdentifier>
    </Filter>
    <Filter Include="02.GameObjects\UI\11. Map_UI">
      <UniqueIdentifier>{f04cdcf8-aee8-450c-b67b-e0df516a3328}</UniqueIdentifier>
    </Filter>
    <Filter Include="02.GameObjects\UI\99. Tab_Window\0. Inventory_Manager">
      <UniqueIdentifier>{1bc643cf-ed81-4789-a287-ddeed43fb9bd}</UniqueIdentifier>
    </Filter>
    <Filter Include="02.GameObjects\UI\99. Tab_Window\0. Inventory_Manager\Inventory_Slot">
      <UniqueIdentifier>{a479c0f1-1f8a-4f2a-9704-7abf3a9f4c84}</UniqueIdentifier>
    </Filter>
    <Filter Include="02.GameObjects\UI\99. Tab_Window\0. Inventory_Manager\Item_UI">
      <UniqueIdentifier>{3b6a69ad-2251-4b94-aaa0-95402954d590}</UniqueIdentifier>
    </Filter>
    <Filter Include="02.GameObjects\UI\99. Tab_Window\0. Inventory_Manager\Slot_Highlighter">
      <UniqueIdentifier>{d3a9314f-e0fe-4296-944a-752b05519c2e}</UniqueIdentifier>
    </Filter>
    <Filter Include="02.GameObjects\UI\99. Tab_Window\3. Item_Mesh_Viewer">
      <UniqueIdentifier>{8fc62147-6bd9-4032-995f-a57db115d6ed}</UniqueIdentifier>
    </Filter>
    <Filter Include="02.GameObjects\UI\99. Tab_Window\0. Inventory_Manager\ContextMenu">
      <UniqueIdentifier>{c2cfdd3d-b193-4b8d-b99d-a7f70166af05}</UniqueIdentifier>
    </Filter>
    <Filter Include="02.GameObjects\UI\12. Get Item">
      <UniqueIdentifier>{4a32cba5-819b-445c-96d7-9615bb363599}</UniqueIdentifier>
    </Filter>
    <Filter Include="02.GameObjects\UI\14. Loading">
      <UniqueIdentifier>{1fab2592-4cd6-4e48-a96c-07b5219145e6}</UniqueIdentifier>
    </Filter>
    <Filter Include="02.GameObjects\MapObject\InteractProps\Cabinet\Body_Cabinet">
      <UniqueIdentifier>{9b470b2b-6182-4e01-b608-82f374349797}</UniqueIdentifier>
    </Filter>
    <Filter Include="02.GameObjects\MapObject\InteractProps\Door\Body_Door">
      <UniqueIdentifier>{e1832ad7-1f5d-4d74-a640-3437cef2aebb}</UniqueIdentifier>
    </Filter>
    <Filter Include="02.GameObjects\MapObject\InteractProps\NewpoliceStatue\Body_NewpoliceStatue">
      <UniqueIdentifier>{5d4f9fb8-2f8f-455a-958c-453e96ef2ea9}</UniqueIdentifier>
    </Filter>
    <Filter Include="02.GameObjects\MapObject\InteractProps\Window\Body_Window">
      <UniqueIdentifier>{bb3b42cc-8e8f-45f8-ac1b-56d1ca31983f}</UniqueIdentifier>
    </Filter>
    <Filter Include="02.GameObjects\MapObject\InteractProps\ItemProp">
      <UniqueIdentifier>{b2302cac-502a-4e6d-a3ed-7a95fdecf84c}</UniqueIdentifier>
    </Filter>
    <Filter Include="02.GameObjects\MapObject\InteractProps\Shutter">
      <UniqueIdentifier>{871af3dc-7fdf-4f81-bb3e-ba60f3758d85}</UniqueIdentifier>
    </Filter>
    <Filter Include="02.GameObjects\MapObject\InteractProps\Statue">
      <UniqueIdentifier>{aaa84b5a-e02d-4527-96e6-30a62427c239}</UniqueIdentifier>
    </Filter>
    <Filter Include="02.GameObjects\MapObject\InteractProps\Statue\Body_Statue">
      <UniqueIdentifier>{68cb08eb-88a2-4862-93c1-10f3c8420f86}</UniqueIdentifier>
    </Filter>
    <Filter Include="02.GameObjects\MapObject\InteractProps\ItemProp\Body_ItemProp">
      <UniqueIdentifier>{32ba92cd-4216-4ddc-9aca-8b87dc910340}</UniqueIdentifier>
    </Filter>
    <Filter Include="02.GameObjects\MapObject\InteractProps\Shutter\Body_Shutter">
      <UniqueIdentifier>{b69bfdbe-9213-4f80-a478-df48fcc09e11}</UniqueIdentifier>
    </Filter>
    <Filter Include="02.GameObjects\MapObject\InteractProps\EventProp">
      <UniqueIdentifier>{66f0b86d-0710-4e02-87a3-20415dcf2a3f}</UniqueIdentifier>
    </Filter>
    <Filter Include="02.GameObjects\MapObject\InteractProps\EventProp\Body_EventProp">
      <UniqueIdentifier>{75dd5a41-49b8-4afa-9ec9-72c096538027}</UniqueIdentifier>
    </Filter>
    <Filter Include="02.GameObjects\Sky">
      <UniqueIdentifier>{44a9bfc4-49d4-4584-82e2-8973a2c4c1ec}</UniqueIdentifier>
    </Filter>
    <Filter Include="02.GameObjects\Player\FlashLight">
      <UniqueIdentifier>{490f3668-20b6-4ec9-8ffb-c1b847d9e205}</UniqueIdentifier>
    </Filter>
    <Filter Include="96. Imgui_Manager">
      <UniqueIdentifier>{caf0935f-0c07-45a0-a027-23aef095a854}</UniqueIdentifier>
    </Filter>
    <Filter Include="96. Imgui_Manager\Include">
      <UniqueIdentifier>{74fbde7e-d468-46bd-85c1-27942f25cd65}</UniqueIdentifier>
    </Filter>
    <Filter Include="02.GameObjects\UI\99. Tab_Window\0. Inventory_Manager\ContextMenu\ContextMenu_Highliter">
      <UniqueIdentifier>{357cd323-5908-4c40-be59-632314974ee5}</UniqueIdentifier>
    </Filter>
    <Filter Include="02.GameObjects\Camera\Camera_Event">
      <UniqueIdentifier>{ee555b89-e04f-4401-b4d8-37201d791dcc}</UniqueIdentifier>
    </Filter>
    <Filter Include="02.GameObjects\Player\State\Player_State_Bite">
      <UniqueIdentifier>{dcef7ff1-dad3-4a5c-b033-5486bfa5ff8b}</UniqueIdentifier>
    </Filter>
    <Filter Include="02.GameObjects\Player\Hair">
      <UniqueIdentifier>{06a26c20-e93f-491c-9f17-a6dabe0d4021}</UniqueIdentifier>
    </Filter>
    <Filter Include="02.GameObjects\Effect\Muzzle_Flash">
      <UniqueIdentifier>{f75f75e3-3ac4-46fb-a428-5ac0cd54c644}</UniqueIdentifier>
    </Filter>
    <Filter Include="02.GameObjects\Player\Effect_Header">
      <UniqueIdentifier>{2f676497-0d0d-432c-8fdd-ad297219ae70}</UniqueIdentifier>
    </Filter>
    <Filter Include="02.GameObjects\Effect\Muzzle_Flash_SG">
      <UniqueIdentifier>{dc7b21c1-ec06-44e1-a0af-4c0e3cacdafb}</UniqueIdentifier>
    </Filter>
    <Filter Include="02.GameObjects\Effect\Blood">
      <UniqueIdentifier>{d2078c0f-c8a7-4383-bbad-8f76bf08e3a2}</UniqueIdentifier>
    </Filter>
    <Filter Include="02.GameObjects\Monster\Zombie\Effect_Header">
      <UniqueIdentifier>{99cd4cb9-bb79-4588-a5b8-8f0ccefde55d}</UniqueIdentifier>
    </Filter>
    <Filter Include="02.GameObjects\UI\99. Tab_Window\4. Item_Discription">
      <UniqueIdentifier>{a4de0cca-9b51-44c7-8a1d-491fa3b44acc}</UniqueIdentifier>
    </Filter>
    <Filter Include="02.GameObjects\MapObject\Manager">
      <UniqueIdentifier>{209e337a-7401-469e-a4fb-f047a44ac092}</UniqueIdentifier>
    </Filter>
    <Filter Include="02.GameObjects\MapObject\InteractProps\ItemLocker">
      <UniqueIdentifier>{03e0a429-7fb0-47f8-806a-33f614fbb308}</UniqueIdentifier>
    </Filter>
    <Filter Include="02.GameObjects\MapObject\InteractProps\ReaderMachine">
      <UniqueIdentifier>{a31a38f6-d575-4a4f-a63c-df185a530a03}</UniqueIdentifier>
    </Filter>
    <Filter Include="02.GameObjects\MapObject\InteractProps\Ladder">
      <UniqueIdentifier>{9ec56c20-c748-4ab2-a657-a17959e42e3b}</UniqueIdentifier>
    </Filter>
    <Filter Include="02.GameObjects\MapObject\InteractProps\ReaderMachine\Body_Reader">
      <UniqueIdentifier>{a186c3e0-78c8-496a-a4fd-d32dd6dae0ee}</UniqueIdentifier>
    </Filter>
    <Filter Include="02.GameObjects\UI\15. LayOut">
      <UniqueIdentifier>{57e7ebf9-dbcd-44f9-8d5f-e0a91f6637a3}</UniqueIdentifier>
    </Filter>
    <Filter Include="02.GameObjects\MapObject\InteractProps\ItemLocker\Body_ItemLocker">
      <UniqueIdentifier>{b2ba5378-ec2f-4ae3-b9bd-60c3c771df0d}</UniqueIdentifier>
    </Filter>
    <Filter Include="02.GameObjects\MapObject\InteractProps\Ladder\Body_Ladder">
      <UniqueIdentifier>{ed1ba2c5-ffbd-4801-8a8e-b84f5a7cd754}</UniqueIdentifier>
    </Filter>
    <Filter Include="02.GameObjects\MapObject\Manager">
      <UniqueIdentifier>{209e337a-7401-469e-a4fb-f047a44ac092}</UniqueIdentifier>
    </Filter>
    <Filter Include="02.GameObjects\MapObject\InteractProps\ItemLocker">
      <UniqueIdentifier>{03e0a429-7fb0-47f8-806a-33f614fbb308}</UniqueIdentifier>
    </Filter>
    <Filter Include="02.GameObjects\MapObject\InteractProps\ReaderMachine">
      <UniqueIdentifier>{a31a38f6-d575-4a4f-a63c-df185a530a03}</UniqueIdentifier>
    </Filter>
    <Filter Include="02.GameObjects\MapObject\InteractProps\Ladder">
      <UniqueIdentifier>{9ec56c20-c748-4ab2-a657-a17959e42e3b}</UniqueIdentifier>
    </Filter>
    <Filter Include="02.GameObjects\MapObject\InteractProps\ReaderMachine\Body_Reader">
      <UniqueIdentifier>{a186c3e0-78c8-496a-a4fd-d32dd6dae0ee}</UniqueIdentifier>
    </Filter>
    <Filter Include="02.GameObjects\MapObject\InteractProps\ReaderMachine\Reader_Observer">
      <UniqueIdentifier>{811c7063-452c-4d16-b305-11640d4ccc1d}</UniqueIdentifier>
    </Filter>
    <Filter Include="02.GameObjects\MapObject\InteractProps\ReaderMachine\Reader_Observer\Reader_Observer_Handle">
      <UniqueIdentifier>{0512293c-6b46-4f82-9b55-01b90a3aff6e}</UniqueIdentifier>
    </Filter>
    <Filter Include="02.GameObjects\UI\15. LayOut">
      <UniqueIdentifier>{57e7ebf9-dbcd-44f9-8d5f-e0a91f6637a3}</UniqueIdentifier>
    </Filter>
    <Filter Include="02.GameObjects\Player\State\Player_State_Damg">
      <UniqueIdentifier>{94d3ab13-025c-408b-87af-20b5e8b80ac8}</UniqueIdentifier>
    </Filter>
    <Filter Include="02.GameObjects\UI\16. Damage">
      <UniqueIdentifier>{c955f047-a231-406d-8518-888dbd090b6b}</UniqueIdentifier>
    </Filter>
    <Filter Include="02.GameObjects\Effect\Decal">
      <UniqueIdentifier>{3d681db4-d1ea-4e71-a726-f96cb1dc0d77}</UniqueIdentifier>
    </Filter>
    <Filter Include="02.GameObjects\Player\State\Player_State_Move\Player_State_Move_DoorStop">
      <UniqueIdentifier>{172a5b3a-512f-4cb3-8222-5f20b3fd8a48}</UniqueIdentifier>
    </Filter>
    <Filter Include="02.GameObjects\Player\State\Player_State_SubHold">
      <UniqueIdentifier>{21f366b4-4f71-4cbd-ab75-dbc26acc03a5}</UniqueIdentifier>
    </Filter>
    <Filter Include="02.GameObjects\Player\State\Player_State_SubHold\Player_State_SubHold_Idle">
      <UniqueIdentifier>{ddfe2292-e482-4ab2-82cd-f2a4c3eeddb1}</UniqueIdentifier>
    </Filter>
    <Filter Include="02.GameObjects\Player\State\Player_State_SubHold\Player_State_SubHold_Start">
      <UniqueIdentifier>{ae5b6c71-d918-40cf-a73a-4e4cabdf1137}</UniqueIdentifier>
    </Filter>
    <Filter Include="02.GameObjects\Player\State\Player_State_Move\Player_State_Move_Ladder">
      <UniqueIdentifier>{0b035877-0214-4780-9c8c-017dbe391d29}</UniqueIdentifier>
    </Filter>
    <Filter Include="02.GameObjects\Monster\Zombie\AIController">
      <UniqueIdentifier>{5f9b1726-6c27-40c6-a328-0a0450dd77bd}</UniqueIdentifier>
    </Filter>
    <Filter Include="02.GameObjects\Monster\Zombie\AIController\Zombie">
      <UniqueIdentifier>{17427bf7-5af3-448b-9ab4-81220ef7dd37}</UniqueIdentifier>
    </Filter>
    <Filter Include="02.GameObjects\Monster\Zombie\AIController\Zombie\Decorator">
      <UniqueIdentifier>{e7a9caf3-8a95-42ff-9a85-661132d6ccc0}</UniqueIdentifier>
    </Filter>
    <Filter Include="02.GameObjects\Monster\Zombie\AIController\Zombie\Decorator\Checker_RangeDistance">
      <UniqueIdentifier>{2f2d573e-0a45-4ce9-adc2-b00a0f441c4e}</UniqueIdentifier>
    </Filter>
    <Filter Include="02.GameObjects\Monster\Zombie\AIController\Zombie\Decorator\Checker_Angle">
      <UniqueIdentifier>{4b8b081f-de29-4cd6-94fd-161bc7bec622}</UniqueIdentifier>
    </Filter>
    <Filter Include="02.GameObjects\Monster\Zombie\AIController\Zombie\Decorator\Checker_Can_Patrol">
      <UniqueIdentifier>{90a16696-589b-4940-862e-1fd58d4658c7}</UniqueIdentifier>
    </Filter>
    <Filter Include="02.GameObjects\Monster\Zombie\AIController\Zombie\Decorator\Checker_Can_Change_State">
      <UniqueIdentifier>{9edbb823-7423-4ed3-b135-3bd281cb3515}</UniqueIdentifier>
    </Filter>
    <Filter Include="02.GameObjects\Monster\Zombie\AIController\Zombie\Decorator\Checker_Is_Hit">
      <UniqueIdentifier>{01c6a90a-aa7c-4607-9519-62cb132e54d0}</UniqueIdentifier>
    </Filter>
    <Filter Include="02.GameObjects\Monster\Zombie\AIController\Zombie\Decorator\Checker_MainTain_PreTask">
      <UniqueIdentifier>{8283ac8d-e2dc-4a0a-85c4-1756898df535}</UniqueIdentifier>
    </Filter>
    <Filter Include="02.GameObjects\Monster\Zombie\AIController\Zombie\Decorator\Checker_Is_Down">
      <UniqueIdentifier>{fe7d57b2-dd4a-4f52-a9d3-281720a08b3d}</UniqueIdentifier>
    </Filter>
    <Filter Include="02.GameObjects\Monster\Zombie\AIController\Zombie\Decorator\Checker_Is_EnoughTime">
      <UniqueIdentifier>{8d544143-2331-44aa-b90a-ffaf7f8e9c95}</UniqueIdentifier>
    </Filter>
    <Filter Include="02.GameObjects\Monster\Zombie\AIController\Zombie\Decorator\Checker_Can_Link_Pre_State">
      <UniqueIdentifier>{6d98541e-9c4f-409c-a171-313d094d4e4e}</UniqueIdentifier>
    </Filter>
    <Filter Include="02.GameObjects\Monster\Zombie\AIController\Zombie\Decorator\Checker_MainTain_Pre_Task">
      <UniqueIdentifier>{8283ac8d-e2dc-4a0a-85c4-1756898df535}</UniqueIdentifier>
    </Filter>
    <Filter Include="02.GameObjects\Monster\Zombie\AIController\Zombie\Task">
      <UniqueIdentifier>{a3234f00-5adb-4ce0-8c97-38afbd2b2638}</UniqueIdentifier>
    </Filter>
    <Filter Include="02.GameObjects\Monster\Zombie\AIController\Zombie\Task\Damage">
      <UniqueIdentifier>{6420e8fc-e8c5-4e90-908d-168ef012f3dd}</UniqueIdentifier>
    </Filter>
    <Filter Include="02.GameObjects\Monster\Zombie\AIController\Zombie\Task\Damage\KnockBack">
      <UniqueIdentifier>{abc7699d-d613-4dc0-b3f4-abe7352e3101}</UniqueIdentifier>
    </Filter>
    <Filter Include="02.GameObjects\Monster\Zombie\AIController\Zombie\Task\Damage\Burst">
      <UniqueIdentifier>{7655c67e-8b7f-43e5-9668-85629dcf06cf}</UniqueIdentifier>
    </Filter>
    <Filter Include="02.GameObjects\Monster\Zombie\AIController\Zombie\Task\Damage\Down">
      <UniqueIdentifier>{e39ac2ab-bfcb-4f9a-bb6d-90fcbe5c965e}</UniqueIdentifier>
    </Filter>
    <Filter Include="02.GameObjects\Monster\Zombie\AIController\Zombie\Task\Damage\Stun">
      <UniqueIdentifier>{9c40efde-60ef-46f9-b9fd-6691f08728bc}</UniqueIdentifier>
    </Filter>
    <Filter Include="02.GameObjects\Monster\Zombie\AIController\Zombie\Task\Damage\Stun_Hold">
      <UniqueIdentifier>{9a24aab7-ef1e-4341-a35f-cc92ec5d9758}</UniqueIdentifier>
    </Filter>
    <Filter Include="02.GameObjects\Monster\Zombie\AIController\Zombie\Task\Move">
      <UniqueIdentifier>{76244dd5-0d21-4e53-94c7-6a355f20f1f7}</UniqueIdentifier>
    </Filter>
    <Filter Include="02.GameObjects\Monster\Zombie\AIController\Zombie\Task\Move\MoveTo">
      <UniqueIdentifier>{c3e3ec08-4601-40bd-8466-feb5c8686e29}</UniqueIdentifier>
    </Filter>
    <Filter Include="02.GameObjects\Monster\Zombie\AIController\Zombie\Task\Move\Pivot_Turn">
      <UniqueIdentifier>{c057336a-fe5c-42f9-92bd-4753165810f9}</UniqueIdentifier>
    </Filter>
    <Filter Include="02.GameObjects\Monster\Zombie\AIController\Zombie\Task\Move\Move_Include_Turn">
      <UniqueIdentifier>{9a4b689a-b94c-4f87-94c8-a3895329747e}</UniqueIdentifier>
    </Filter>
    <Filter Include="02.GameObjects\Monster\Zombie\AIController\Zombie\Task\Idle">
      <UniqueIdentifier>{f04202b9-12d2-446c-b58f-f1ca71b257d7}</UniqueIdentifier>
    </Filter>
    <Filter Include="02.GameObjects\Monster\Zombie\AIController\Zombie\Task\Idle\Wait">
      <UniqueIdentifier>{022420cb-4aa4-4658-b312-d73a780980eb}</UniqueIdentifier>
    </Filter>
    <Filter Include="02.GameObjects\Monster\Zombie\AIController\Zombie\Task\Idle\Sleep">
      <UniqueIdentifier>{4f0ee31c-a304-4a7a-b3f8-b3744827cdd2}</UniqueIdentifier>
    </Filter>
    <Filter Include="02.GameObjects\Monster\Zombie\AIController\Zombie\Task\Idle\Creep">
      <UniqueIdentifier>{b2bbda7d-d9c7-4056-b6ec-853c3d869c33}</UniqueIdentifier>
    </Filter>
    <Filter Include="02.GameObjects\Monster\Zombie\AIController\Zombie\Task\Bite">
      <UniqueIdentifier>{21ea7137-52b5-45a4-bdb2-65854ae6b87d}</UniqueIdentifier>
    </Filter>
    <Filter Include="02.GameObjects\Monster\Zombie\AIController\Zombie\Task\Additional">
      <UniqueIdentifier>{89f0a103-d0ee-4b53-a0f5-11cc64058fb6}</UniqueIdentifier>
    </Filter>
    <Filter Include="02.GameObjects\Monster\Zombie\AIController\Zombie\Task\Additional\ShakeSkin">
      <UniqueIdentifier>{acf145ab-b930-419e-a81d-e6dcfeda6b4a}</UniqueIdentifier>
    </Filter>
    <Filter Include="02.GameObjects\Monster\Zombie\AIController\Zombie\Task\Utility">
      <UniqueIdentifier>{1169d85d-c8da-4637-afcb-30447c83345f}</UniqueIdentifier>
    </Filter>
    <Filter Include="02.GameObjects\Monster\Zombie\AIController\Zombie\Task\Utility\ExecutePreTask">
      <UniqueIdentifier>{f9aa79f4-30c5-47f5-8c46-5a4e0c14f097}</UniqueIdentifier>
    </Filter>
    <Filter Include="02.GameObjects\Monster\Zombie\AIController\Zombie\Task\Hold">
      <UniqueIdentifier>{48c4e195-7f2d-4cad-ae99-73d3733ba54b}</UniqueIdentifier>
    </Filter>
    <Filter Include="02.GameObjects\Monster\Zombie\AIController\Zombie\Task\Lightly_Hold_Zombie">
      <UniqueIdentifier>{bd1bb944-b4f1-4ede-a608-1796bffc4e2a}</UniqueIdentifier>
    </Filter>
    <Filter Include="02.GameObjects\Monster\Zombie\AIController\Zombie\Task\Creep">
      <UniqueIdentifier>{624cbdd6-57e1-45bf-832d-aa3d76d6f0d4}</UniqueIdentifier>
    </Filter>
    <Filter Include="02.GameObjects\Monster\Zombie\AIController\Zombie\Task\Creep\StandUp">
      <UniqueIdentifier>{4e2d63f6-7d59-460a-8663-77389f8750f0}</UniqueIdentifier>
    </Filter>
    <Filter Include="02.GameObjects\Monster\Zombie\AIController\Zombie\Task\Creep\TurnOver">
      <UniqueIdentifier>{251a916b-36e3-4df4-8c4e-4415fb202b35}</UniqueIdentifier>
    </Filter>
    <Filter Include="02.GameObjects\Monster\Zombie\AIController\Zombie\Task\DummyFinsh">
      <UniqueIdentifier>{2dfbaeaa-f270-4b3d-b3b3-34ebd33af1ea}</UniqueIdentifier>
    </Filter>
    <Filter Include="02.GameObjects\Monster\Zombie\AIController\Zombie\BlackBoard">
      <UniqueIdentifier>{e33e900e-5192-4c9a-b631-9e1407794ffe}</UniqueIdentifier>
    </Filter>
    <Filter Include="02.GameObjects\Monster\Zombie\AIController\Zombie\Header_Package">
      <UniqueIdentifier>{963422fe-d604-40e9-916c-97d953096cd8}</UniqueIdentifier>
    </Filter>
    <Filter Include="02.GameObjects\Monster\Boss">
      <UniqueIdentifier>{a87e8545-b91d-4b68-b068-5531a9bd1345}</UniqueIdentifier>
    </Filter>
    <Filter Include="02.GameObjects\Monster\Zombie\AIController\Zombie\Task\Additional\Turn_Spine_Head">
      <UniqueIdentifier>{2a92dd55-c301-4406-88c4-f036bcf72b03}</UniqueIdentifier>
    </Filter>
    <Filter Include="02.GameObjects\Monster\Zombie\AIController\Zombie\Task\Additional\Raise_Up_Hand">
      <UniqueIdentifier>{a02d6ff8-c24f-4273-85a3-7356d509b814}</UniqueIdentifier>
    </Filter>
    <Filter Include="02.GameObjects\Cut_Scene">
      <UniqueIdentifier>{62ebcfb5-83e5-404d-863c-990a6ea4aa5d}</UniqueIdentifier>
    </Filter>
    <Filter Include="02.GameObjects\Cut_Scene\Actor">
      <UniqueIdentifier>{e7251cd2-468e-4922-9a70-347323ebc8d2}</UniqueIdentifier>
    </Filter>
    <Filter Include="02.GameObjects\Cut_Scene\Cut_Scene_CF93">
      <UniqueIdentifier>{83f3b0b6-3f3d-40f4-83ea-db3a70f469f8}</UniqueIdentifier>
    </Filter>
    <Filter Include="02.GameObjects\Cut_Scene\Actor\Actor_PartObject">
      <UniqueIdentifier>{93131286-d189-4187-aa4b-e81d8b0d940e}</UniqueIdentifier>
    </Filter>
    <Filter Include="02.GameObjects\Cut_Scene\Actor\Actor_PL78">
      <UniqueIdentifier>{63c90ac9-6a65-4a35-be0b-10c2c18b28b1}</UniqueIdentifier>
    </Filter>
    <Filter Include="02.GameObjects\Cut_Scene\Actor\Actor_PL00">
      <UniqueIdentifier>{2296ca4a-454e-4288-b09c-c0d649c57fdb}</UniqueIdentifier>
    </Filter>
    <Filter Include="02.GameObjects\Cut_Scene\Actor\Actor_EM00">
      <UniqueIdentifier>{41e64e67-4b4a-4f45-9be1-364a49859fe8}</UniqueIdentifier>
    </Filter>
    <Filter Include="02.GameObjects\MapObject\InteractProps\Lever">
      <UniqueIdentifier>{5a811629-46cf-45fe-83d2-0b722751e9be}</UniqueIdentifier>
    </Filter>
    <Filter Include="02.GameObjects\MapObject\InteractProps\MovingShelf">
      <UniqueIdentifier>{edaa5125-ee85-4a72-ab02-d0c73b12504a}</UniqueIdentifier>
    </Filter>
    <Filter Include="02.GameObjects\MapObject\InteractProps\Lever\Body_Lever">
      <UniqueIdentifier>{057212ef-1bd8-41c8-923d-490eaef3144a}</UniqueIdentifier>
    </Filter>
    <Filter Include="02.GameObjects\MapObject\InteractProps\MovingShelf\Body_MovingShelf">
      <UniqueIdentifier>{dbecbce8-dd75-44a7-bb60-112ccd863c83}</UniqueIdentifier>
    </Filter>
    <Filter Include="02.GameObjects\Monster\Zombie\AIController\Zombie\Task\Interact">
      <UniqueIdentifier>{075b7780-a450-4ccb-b8e4-37df241a6a5e}</UniqueIdentifier>
    </Filter>
    <Filter Include="02.GameObjects\Monster\Zombie\AIController\Zombie\Task\Interact\Window">
      <UniqueIdentifier>{9fdf94a1-7fbc-4e9a-857a-43c60ae7d015}</UniqueIdentifier>
    </Filter>
    <Filter Include="02.GameObjects\Monster\Zombie\AIController\Zombie\Task\Interact\Door">
      <UniqueIdentifier>{607b69f8-8741-453d-8ab2-8b14620f85fb}</UniqueIdentifier>
    </Filter>
    <Filter Include="02.GameObjects\Monster\Zombie\AIController\Zombie\Task\Interact\Door\Open_Door">
      <UniqueIdentifier>{3834b8d1-3026-4254-9aec-7a4675916d69}</UniqueIdentifier>
    </Filter>
    <Filter Include="02.GameObjects\Monster\Zombie\AIController\Zombie\Task\Interact\Door\Knock_Door">
      <UniqueIdentifier>{b7990758-69a5-41b5-ac6f-31b4af4b82e4}</UniqueIdentifier>
    </Filter>
    <Filter Include="02.GameObjects\Monster\Zombie\AIController\Zombie\Task\Interact\Door\Rub_Door">
      <UniqueIdentifier>{a4ee0c79-593d-455b-abaa-6ccb5dd59bde}</UniqueIdentifier>
    </Filter>
    <Filter Include="02.GameObjects\Monster\Zombie\AIController\Zombie\Task\Interact\Window\Break_Window">
      <UniqueIdentifier>{a3b8b7e0-2a44-43c9-af45-61e70b019f27}</UniqueIdentifier>
    </Filter>
    <Filter Include="02.GameObjects\Monster\Zombie\AIController\Zombie\Task\Interact\Window\Hold_Out_Hand_Window">
      <UniqueIdentifier>{040f953d-73ae-4051-953f-895d0f092975}</UniqueIdentifier>
    </Filter>
    <Filter Include="02.GameObjects\Monster\Zombie\AIController\Zombie\Task\Interact\Window\In_Window">
      <UniqueIdentifier>{7f8f6c22-1a6e-414c-98b8-e1a4c6181942}</UniqueIdentifier>
    </Filter>
    <Filter Include="02.GameObjects\Monster\Zombie\AIController\Zombie\Task\Interact\Window\Knock_Window">
      <UniqueIdentifier>{e9edce39-00a3-41d8-8431-9c53aae339f8}</UniqueIdentifier>
    </Filter>
    <Filter Include="02.GameObjects\Monster\Zombie\AIController\Zombie\Task\Interact\Window\Break_In_Window">
      <UniqueIdentifier>{5149374e-a540-4cce-a559-95bee657afe0}</UniqueIdentifier>
    </Filter>
    <Filter Include="02.GameObjects\Monster\Zombie\AIController\Zombie\Decorator\Checker_Is_Out_Door">
      <UniqueIdentifier>{21fb4a70-5ee9-4fc8-a180-03a5dfd8d4b6}</UniqueIdentifier>
    </Filter>
    <Filter Include="02.GameObjects\Monster\Zombie\AIController\Zombie\Decorator\Checker_Is_Collision_Prop">
      <UniqueIdentifier>{d1f22d52-1de6-4789-b7af-eaf6e46d330c}</UniqueIdentifier>
    </Filter>
    <Filter Include="02.GameObjects\Player\State\Player_State_Move\Player_state_Move_Lever">
      <UniqueIdentifier>{bff6a259-79a2-452f-a9e7-819e06a0c52b}</UniqueIdentifier>
    </Filter>
    <Filter Include="02.GameObjects\Player\Throwing_Weapon">
      <UniqueIdentifier>{7932d5c4-c561-44d0-bbc7-8ac5c40fa85c}</UniqueIdentifier>
    </Filter>
    <Filter Include="02.GameObjects\Player\Throwing_Weapon\Throwing_Weapon_Pin">
      <UniqueIdentifier>{a0751512-f55f-46fe-8537-8ab61e2cb592}</UniqueIdentifier>
    </Filter>
    <Filter Include="02.GameObjects\Player\State\Player_State_Move\Player_State_Move_Shelf">
      <UniqueIdentifier>{79cc0506-18e0-4ff7-89e7-bebc8eb8436c}</UniqueIdentifier>
    </Filter>
    <Filter Include="02.GameObjects\Effect\Muzzle_Smoke">
      <UniqueIdentifier>{bb4b199b-bb82-4cbc-9469-651e4a8b3e6f}</UniqueIdentifier>
    </Filter>
    <Filter Include="02.GameObjects\Monster\Zombie\AIController\Zombie\Decorator\Checker_Is_In_Door">
      <UniqueIdentifier>{4ee562f4-75b3-493a-872b-72a7e802463e}</UniqueIdentifier>
    </Filter>
    <Filter Include="02.GameObjects\Monster\Zombie\AIController\Zombie\Decorator\Checker_Is_Start">
      <UniqueIdentifier>{2508d06a-d437-42e1-929b-9ba1e2f04ee9}</UniqueIdentifier>
    </Filter>
    <Filter Include="02.GameObjects\Monster\Zombie\AIController\Zombie\Task\Utility\Start">
      <UniqueIdentifier>{058c9192-1076-44bf-9d92-1e678b756b23}</UniqueIdentifier>
    </Filter>
    <Filter Include="02.GameObjects\Monster\Zombie\AIController\Zombie\Task\Utility\Region_Update">
      <UniqueIdentifier>{35b87477-27f9-4beb-8e58-83929275a9db}</UniqueIdentifier>
    </Filter>
    <Filter Include="02.GameObjects\Monster\Zombie\Part_Breaker">
      <UniqueIdentifier>{b1bd9785-09af-4360-a1b2-b6edb587c506}</UniqueIdentifier>
    </Filter>
    <Filter Include="02.GameObjects\MapObject\Room_Manager">
      <UniqueIdentifier>{fed6f7b1-2d58-429f-8dcb-9213a6e9ed85}</UniqueIdentifier>
    </Filter>
    <Filter Include="02.GameObjects\Effect\Blood_Drop">
      <UniqueIdentifier>{cff06b52-a101-4afb-bf3a-7cd6dd47d9ce}</UniqueIdentifier>
    </Filter>
    <Filter Include="02.GameObjects\UI\13. Read Item%28Document%29">
      <UniqueIdentifier>{173d3427-d0a6-4f9d-9ab4-8c6fbeaca13f}</UniqueIdentifier>
    </Filter>
    <Filter Include="02.GameObjects\UI\11. Map_UI\2. Player Map UI">
      <UniqueIdentifier>{f3670940-c575-43ba-8ced-161896bc44c8}</UniqueIdentifier>
    </Filter>
    <Filter Include="02.GameObjects\UI\11. Map_UI\1. Main Map UI">
      <UniqueIdentifier>{b2dd69dc-f9e8-4425-b122-7ca20e6971f4}</UniqueIdentifier>
    </Filter>
    <Filter Include="02.GameObjects\UI\11. Map_UI\3. Targeting Map UI">
      <UniqueIdentifier>{775b588a-bbd9-49bc-8904-bb16646d7d0d}</UniqueIdentifier>
    </Filter>
    <Filter Include="02.GameObjects\UI\11. Map_UI\4. Item Map UI">
      <UniqueIdentifier>{af1c5db9-d96d-4b12-ad02-985196c5e1f1}</UniqueIdentifier>
    </Filter>
    <Filter Include="02.GameObjects\UI\11. Map_UI\5. Floor Map UI">
      <UniqueIdentifier>{6ab2ab0d-e230-439d-8b0f-8a4f37d9bcd2}</UniqueIdentifier>
    </Filter>
    <Filter Include="02.GameObjects\UI\11. Map_UI\6. Static_Map UI">
      <UniqueIdentifier>{a60736aa-57c6-43a7-a450-512d5d4c0465}</UniqueIdentifier>
    </Filter>
    <Filter Include="02.GameObjects\UI\99. Tab_Window\1. HotKey">
      <UniqueIdentifier>{27eeca60-3060-4f2b-8eb1-a74f4571ff4c}</UniqueIdentifier>
    </Filter>
    <Filter Include="02.GameObjects\UI\99. Tab_Window\2. Hint">
      <UniqueIdentifier>{3f7a778a-4eaf-44b5-b855-bbdeff5a7fe4}</UniqueIdentifier>
    </Filter>
    <Filter Include="02.GameObjects\Effect\Muzzle_Spark_SG">
      <UniqueIdentifier>{6a9d0ca2-2e0e-4baa-b006-3132067b60d4}</UniqueIdentifier>
    </Filter>
    <Filter Include="02.GameObjects\Effect\Muzzle_Light_SG">
      <UniqueIdentifier>{d266a5b0-0ad6-4523-971a-4fcdf37c8b12}</UniqueIdentifier>
    </Filter>
    <Filter Include="02.GameObjects\MapObject\InteractProps\Window\Pannel_Window">
      <UniqueIdentifier>{bba54d7f-846e-45fb-aba4-94e0e31e1dc0}</UniqueIdentifier>
    </Filter>
    <Filter Include="02.GameObjects\Monster\Zombie\AIController\Zombie\Task\Utility\Find_Door_To_Target">
      <UniqueIdentifier>{97c7d72a-bdfb-4b5f-88ca-00deef3d7a89}</UniqueIdentifier>
    </Filter>
    <Filter Include="02.GameObjects\Monster\Zombie\AIController\Zombie\Decorator\Chekcer_Is_Same_Location_Player">
      <UniqueIdentifier>{c02ab057-eac1-40ee-98c0-a04fd5a629c3}</UniqueIdentifier>
    </Filter>
    <Filter Include="02.GameObjects\Monster\Zombie\AIController\Zombie\Decorator\Checker_Is_Different_Location_Player">
      <UniqueIdentifier>{278eb919-6324-45cc-bfad-411a9e47cab3}</UniqueIdentifier>
    </Filter>
    <Filter Include="02.GameObjects\Effect\Muzzle_ShockWave">
      <UniqueIdentifier>{4a5436b6-385d-438a-8382-2212eb5558e7}</UniqueIdentifier>
    </Filter>
    <Filter Include="02.GameObjects\Effect\Impact">
      <UniqueIdentifier>{4e950f49-0ee1-481c-86c6-54d63c564243}</UniqueIdentifier>
    </Filter>
    <Filter Include="02.GameObjects\Effect\Hit">
      <UniqueIdentifier>{8b1fb927-ed1b-4df2-86d3-43411b329dd7}</UniqueIdentifier>
    </Filter>
    <Filter Include="02.GameObjects\Effect\Hit_Props">
      <UniqueIdentifier>{6c472641-4c57-4488-aa5a-e65e81a4f0c2}</UniqueIdentifier>
    </Filter>
    <Filter Include="02.GameObjects\Effect\Decal\Decal_BulletHole">
      <UniqueIdentifier>{110a1efe-381b-4bab-adea-9d6ca0ad8679}</UniqueIdentifier>
    </Filter>
    <Filter Include="02.GameObjects\Effect\Cartridge">
      <UniqueIdentifier>{f8f50db5-c51a-4e82-9fc0-f1763b83734b}</UniqueIdentifier>
    </Filter>
    <Filter Include="02.GameObjects\Effect\Cartridge\HG_Cartridge">
      <UniqueIdentifier>{e876fcb3-f80f-4984-9295-486b9937eb25}</UniqueIdentifier>
    </Filter>
    <Filter Include="02.GameObjects\Effect\Cartridge\SG_Cartridge">
      <UniqueIdentifier>{3ceb3dd1-ad99-4dda-98d1-6a65c2c36522}</UniqueIdentifier>
    </Filter>
  </ItemGroup>
  <ItemGroup>
    <ClInclude Include="Client.h">
      <Filter>98.Default</Filter>
    </ClInclude>
    <ClInclude Include="Resource.h">
      <Filter>98.Default</Filter>
    </ClInclude>
    <ClInclude Include="stdafx.h">
      <Filter>98.Default</Filter>
    </ClInclude>
    <ClInclude Include="targetver.h">
      <Filter>98.Default</Filter>
    </ClInclude>
    <ClInclude Include="..\public\MainApp.h">
      <Filter>00.MainApp</Filter>
    </ClInclude>
    <ClInclude Include="..\Public\Level_GamePlay.h">
      <Filter>01.Levels\GamePlay</Filter>
    </ClInclude>
    <ClInclude Include="..\Public\Level_Loading.h">
      <Filter>01.Levels\Loading</Filter>
    </ClInclude>
    <ClInclude Include="..\Public\Level_Logo.h">
      <Filter>01.Levels\Logo</Filter>
    </ClInclude>
    <ClInclude Include="..\Public\Loader.h">
      <Filter>01.Levels\Loading\Loader</Filter>
    </ClInclude>
    <ClInclude Include="..\public\BackGround.h">
      <Filter>02.GameObjects\BackGround</Filter>
    </ClInclude>
    <ClInclude Include="..\Public\Terrain.h">
      <Filter>02.GameObjects\Terrain</Filter>
    </ClInclude>
    <ClInclude Include="..\public\Camera_Free.h">
      <Filter>02.GameObjects\Camera</Filter>
    </ClInclude>
    <ClInclude Include="..\Public\Client_Defines.h">
      <Filter>99.Defines</Filter>
    </ClInclude>
    <ClInclude Include="..\Public\Monster.h">
      <Filter>02.GameObjects\Monster</Filter>
    </ClInclude>
    <ClInclude Include="..\public\Player.h">
      <Filter>02.GameObjects\Player</Filter>
    </ClInclude>
    <ClInclude Include="..\Public\Body_Player.h">
      <Filter>02.GameObjects\Player\Body</Filter>
    </ClInclude>
    <ClInclude Include="..\Public\Weapon.h">
      <Filter>02.GameObjects\Player\Weapon</Filter>
    </ClInclude>
    <ClInclude Include="..\Public\Sky.h">
      <Filter>02.GameObjects\Sky</Filter>
    </ClInclude>
    <ClInclude Include="..\public\Effect.h">
      <Filter>02.GameObjects\Effect</Filter>
    </ClInclude>
    <ClInclude Include="..\Public\Head_Player.h">
      <Filter>02.GameObjects\Player\Head</Filter>
    </ClInclude>
    <ClInclude Include="..\Public\Hair_Player.h">
      <Filter>02.GameObjects\Player\Hair</Filter>
    </ClInclude>
    <ClInclude Include="..\Public\Client_Enumsh.h">
      <Filter>99.Defines</Filter>
    </ClInclude>
    <ClInclude Include="..\Public\Props.h">
      <Filter>02.GameObjects\MapObject\Props</Filter>
    </ClInclude>
    <ClInclude Include="..\Public\UI.h">
      <Filter>02.GameObjects\UI</Filter>
    </ClInclude>
    <ClInclude Include="..\Public\Customize_UI.h">
      <Filter>02.GameObjects\UI\0. Customize_UI</Filter>
    </ClInclude>
    <ClInclude Include="..\Public\TextBox.h">
      <Filter>02.GameObjects\UI\7. TextBox</Filter>
    </ClInclude>
    <ClInclude Include="..\Public\CustomCollider.h">
      <Filter>02.GameObjects\CustomCollider</Filter>
    </ClInclude>
    <ClInclude Include="..\Public\NavMesh_Debug.h">
      <Filter>02.GameObjects\NavMesh_Debug</Filter>
    </ClInclude>
    <ClInclude Include="..\Public\Player_State_Move.h">
      <Filter>02.GameObjects\Player\State\Player_State_Move</Filter>
    </ClInclude>
    <ClInclude Include="..\Public\Player_State_Move_Idle.h">
      <Filter>02.GameObjects\Player\State\Player_State_Move\Player_State_Move_Idle</Filter>
    </ClInclude>
    <ClInclude Include="..\Public\Player_State_Move_Walk.h">
      <Filter>02.GameObjects\Player\State\Player_State_Move\Player_State_Move_Walk</Filter>
    </ClInclude>
    <ClInclude Include="..\Public\Map.h">
      <Filter>02.GameObjects\MapObject\Map</Filter>
    </ClInclude>
    <ClInclude Include="..\Public\Crosshair_UI.h">
      <Filter>02.GameObjects\UI\1. Crosshair</Filter>
    </ClInclude>
    <ClInclude Include="..\Public\Cursor_UI.h">
      <Filter>02.GameObjects\UI\2. Cursor</Filter>
    </ClInclude>
    <ClInclude Include="..\Public\Inventory.h">
      <Filter>02.GameObjects\UI\9. Inventory</Filter>
    </ClInclude>
    <ClInclude Include="..\Public\Inventory_Item_UI.h">
      <Filter>02.GameObjects\UI\9. Inventory\1. Inventory Item</Filter>
    </ClInclude>
    <ClInclude Include="..\Public\Tab_Window.h">
      <Filter>02.GameObjects\UI\99. Tab_Window</Filter>
    </ClInclude>
    <ClInclude Include="..\Public\HPBar_UI.h">
      <Filter>02.GameObjects\UI\3. HP Bar</Filter>
    </ClInclude>
    <ClInclude Include="..\Public\Bullet_UI.h">
      <Filter>02.GameObjects\UI\5. Bullet</Filter>
    </ClInclude>
    <ClInclude Include="..\Public\Title_UI.h">
      <Filter>02.GameObjects\UI\6. Title</Filter>
    </ClInclude>
    <ClInclude Include="..\Public\MissionBar_UI.h">
      <Filter>02.GameObjects\UI\7. MissionBar</Filter>
    </ClInclude>
    <ClInclude Include="..\Public\Player_State_Move_Jog.h">
      <Filter>02.GameObjects\Player\State\Player_State_Move\Player_State_Move_Jog</Filter>
    </ClInclude>
    <ClInclude Include="..\Public\Tutorial_UI.h">
      <Filter>02.GameObjects\UI\8. Tutorial</Filter>
    </ClInclude>
    <ClInclude Include="..\Public\Selector_UI.h">
      <Filter>02.GameObjects\UI\10. Selector</Filter>
    </ClInclude>
    <ClInclude Include="..\Public\Inventory_Manager.h">
      <Filter>02.GameObjects\UI\99. Tab_Window\0. Inventory_Manager</Filter>
    </ClInclude>
    <ClInclude Include="..\Public\Player_State_Hold_Idle.h">
      <Filter>02.GameObjects\Player\State\Player_State_Hold\Player_State_Hold_Idle</Filter>
    </ClInclude>
    <ClInclude Include="..\Public\Player_State_Hold.h">
      <Filter>02.GameObjects\Player\State\Player_State_Hold</Filter>
    </ClInclude>
    <ClInclude Include="..\Public\Body_Zombie.h">
      <Filter>02.GameObjects\Monster\Zombie\Body</Filter>
    </ClInclude>
    <ClInclude Include="..\Public\Face_Zombie.h">
      <Filter>02.GameObjects\Monster\Zombie\Face</Filter>
    </ClInclude>
    <ClInclude Include="..\Public\Clothes_Zombie.h">
      <Filter>02.GameObjects\Monster\Zombie\Clothes</Filter>
    </ClInclude>
    <ClInclude Include="..\Public\Zombie.h">
      <Filter>02.GameObjects\Monster\Zombie</Filter>
    </ClInclude>
    <ClInclude Include="..\Public\BlackBoard_Zombie.h">
      <Filter>02.GameObjects\Monster\Zombie\AIController\Zombie\BlackBoard</Filter>
    </ClInclude>
    <ClInclude Include="..\Public\Header_Package_Zombie.h">
      <Filter>02.GameObjects\Monster\Zombie\AIController\Zombie\Header_Package</Filter>
    </ClInclude>
    <ClInclude Include="..\Public\Player_State_Hold_Start.h">
      <Filter>02.GameObjects\Player\State\Player_State_Hold\Player_State_Hold_Start</Filter>
    </ClInclude>
    <ClInclude Include="..\Public\Move_To_Target_Zombie.h">
      <Filter>02.GameObjects\Monster\Zombie\AIController\Zombie\Task\Move\MoveTo</Filter>
    </ClInclude>
    <ClInclude Include="..\Public\Wait_Zombie.h">
      <Filter>02.GameObjects\Monster\Zombie\AIController\Zombie\Task\Idle\Wait</Filter>
    </ClInclude>
    <ClInclude Include="..\Public\Button_UI.h">
      <Filter>02.GameObjects\UI\4. Button</Filter>
    </ClInclude>
    <ClInclude Include="..\Public\InteractProps.h">
      <Filter>02.GameObjects\MapObject\InteractProps</Filter>
    </ClInclude>
    <ClInclude Include="..\Public\Cabinet.h">
      <Filter>02.GameObjects\MapObject\InteractProps\Cabinet</Filter>
    </ClInclude>
    <ClInclude Include="..\Public\Door.h">
      <Filter>02.GameObjects\MapObject\InteractProps\Door</Filter>
    </ClInclude>
    <ClInclude Include="..\Public\NewpoliceStatue.h">
      <Filter>02.GameObjects\MapObject\InteractProps\NewpoliceStatue</Filter>
    </ClInclude>
    <ClInclude Include="..\Public\Window.h">
      <Filter>02.GameObjects\MapObject\InteractProps\Window</Filter>
    </ClInclude>
    <ClInclude Include="..\Public\Slot_Highlighter.h">
      <Filter>02.GameObjects\UI\99. Tab_Window\0. Inventory_Manager\Slot_Highlighter</Filter>
    </ClInclude>
    <ClInclude Include="..\Public\Inventory_Slot.h">
      <Filter>02.GameObjects\UI\99. Tab_Window\0. Inventory_Manager\Inventory_Slot</Filter>
    </ClInclude>
    <ClInclude Include="..\Public\Item_UI.h">
      <Filter>02.GameObjects\UI\99. Tab_Window\0. Inventory_Manager\Item_UI</Filter>
    </ClInclude>
    <ClInclude Include="..\Public\Sleep_Zombie.h">
      <Filter>02.GameObjects\Monster\Zombie\AIController\Zombie\Task\Idle\Sleep</Filter>
    </ClInclude>
    <ClInclude Include="..\Public\Item_Mesh_Viewer.h">
      <Filter>02.GameObjects\UI\99. Tab_Window\3. Item_Mesh_Viewer</Filter>
    </ClInclude>
    <ClInclude Include="..\Public\ContextMenu.h">
      <Filter>02.GameObjects\UI\99. Tab_Window\0. Inventory_Manager\ContextMenu</Filter>
    </ClInclude>
    <ClInclude Include="..\Public\Read_Item_UI.h">
      <Filter>02.GameObjects\UI\13. Read Item%28Document%29</Filter>
    </ClInclude>
    <ClInclude Include="..\Public\Loading_UI.h">
      <Filter>02.GameObjects\UI\14. Loading</Filter>
    </ClInclude>
    <ClInclude Include="..\Public\Body_Cabinet.h">
      <Filter>02.GameObjects\MapObject\InteractProps\Cabinet\Body_Cabinet</Filter>
    </ClInclude>
    <ClInclude Include="..\Public\Body_Door.h">
      <Filter>02.GameObjects\MapObject\InteractProps\Door\Body_Door</Filter>
    </ClInclude>
    <ClInclude Include="..\Public\Body_NewpoliceStatue.h">
      <Filter>02.GameObjects\MapObject\InteractProps\NewpoliceStatue\Body_NewpoliceStatue</Filter>
    </ClInclude>
    <ClInclude Include="..\Public\Body_Window.h">
      <Filter>02.GameObjects\MapObject\InteractProps\Window\Body_Window</Filter>
    </ClInclude>
    <ClInclude Include="..\Public\Body_EventProp.h">
      <Filter>02.GameObjects\MapObject\InteractProps\EventProp\Body_EventProp</Filter>
    </ClInclude>
    <ClInclude Include="..\Public\Body_ItemProp.h">
      <Filter>02.GameObjects\MapObject\InteractProps\ItemProp\Body_ItemProp</Filter>
    </ClInclude>
    <ClInclude Include="..\Public\ItemProp.h">
      <Filter>02.GameObjects\MapObject\InteractProps\ItemProp</Filter>
    </ClInclude>
    <ClInclude Include="..\Public\Body_Statue.h">
      <Filter>02.GameObjects\MapObject\InteractProps\Statue\Body_Statue</Filter>
    </ClInclude>
    <ClInclude Include="..\Public\EventProp.h">
      <Filter>02.GameObjects\MapObject\InteractProps\EventProp</Filter>
    </ClInclude>
    <ClInclude Include="..\Public\Part_InteractProps.h">
      <Filter>02.GameObjects\MapObject\InteractProps</Filter>
    </ClInclude>
    <ClInclude Include="..\Public\Statue.h">
      <Filter>02.GameObjects\MapObject\InteractProps\Statue</Filter>
    </ClInclude>
    <ClInclude Include="..\Public\Body_Shutter.h">
      <Filter>02.GameObjects\MapObject\InteractProps\Shutter\Body_Shutter</Filter>
    </ClInclude>
    <ClInclude Include="..\Public\Shutter.h">
      <Filter>02.GameObjects\MapObject\InteractProps\Shutter</Filter>
    </ClInclude>
    <ClInclude Include="..\Public\Body_Zombie_Enums.h">
      <Filter>02.GameObjects\Monster\Zombie\Body</Filter>
    </ClInclude>
    <ClInclude Include="..\Public\Body_Zombie_Defines.h">
      <Filter>02.GameObjects\Monster\Zombie\Body</Filter>
    </ClInclude>
    <ClInclude Include="..\Public\FlashLight.h">
      <Filter>02.GameObjects\Player\FlashLight</Filter>
    </ClInclude>
    <ClInclude Include="..\..\imguilib\GraphEditor.h">
      <Filter>96. Imgui_Manager\Include</Filter>
    </ClInclude>
    <ClInclude Include="..\..\imguilib\imconfig.h">
      <Filter>96. Imgui_Manager\Include</Filter>
    </ClInclude>
    <ClInclude Include="..\..\imguilib\ImCurveEdit.h">
      <Filter>96. Imgui_Manager\Include</Filter>
    </ClInclude>
    <ClInclude Include="..\..\imguilib\ImGradient.h">
      <Filter>96. Imgui_Manager\Include</Filter>
    </ClInclude>
    <ClInclude Include="..\..\imguilib\imgui.h">
      <Filter>96. Imgui_Manager\Include</Filter>
    </ClInclude>
    <ClInclude Include="..\..\imguilib\imgui_impl_dx11.h">
      <Filter>96. Imgui_Manager\Include</Filter>
    </ClInclude>
    <ClInclude Include="..\..\imguilib\imgui_impl_win32.h">
      <Filter>96. Imgui_Manager\Include</Filter>
    </ClInclude>
    <ClInclude Include="..\..\imguilib\imgui_internal.h">
      <Filter>96. Imgui_Manager\Include</Filter>
    </ClInclude>
    <ClInclude Include="..\..\imguilib\ImGuizmo.h">
      <Filter>96. Imgui_Manager\Include</Filter>
    </ClInclude>
    <ClInclude Include="..\..\imguilib\ImSequencer.h">
      <Filter>96. Imgui_Manager\Include</Filter>
    </ClInclude>
    <ClInclude Include="..\..\imguilib\imstb_rectpack.h">
      <Filter>96. Imgui_Manager\Include</Filter>
    </ClInclude>
    <ClInclude Include="..\..\imguilib\imstb_textedit.h">
      <Filter>96. Imgui_Manager\Include</Filter>
    </ClInclude>
    <ClInclude Include="..\..\imguilib\imstb_truetype.h">
      <Filter>96. Imgui_Manager\Include</Filter>
    </ClInclude>
    <ClInclude Include="..\..\imguilib\ImZoomSlider.h">
      <Filter>96. Imgui_Manager\Include</Filter>
    </ClInclude>
    <ClInclude Include="..\Public\ImGui_Manager.h">
      <Filter>96. Imgui_Manager</Filter>
    </ClInclude>
    <ClInclude Include="..\Public\Context_Highlighter.h">
      <Filter>02.GameObjects\UI\99. Tab_Window\0. Inventory_Manager\ContextMenu\ContextMenu_Highliter</Filter>
    </ClInclude>
    <ClInclude Include="..\Public\Is_Character_In_Range_Zombie.h">
      <Filter>02.GameObjects\Monster\Zombie\AIController\Zombie\Decorator\Checker_RangeDistance</Filter>
    </ClInclude>
    <ClInclude Include="..\Public\Is_Charactor_In_ViewAngle_Zombie.h">
      <Filter>02.GameObjects\Monster\Zombie\AIController\Zombie\Decorator\Checker_Angle</Filter>
    </ClInclude>
    <ClInclude Include="..\Public\Pivot_Turn_Zombie.h">
      <Filter>02.GameObjects\Monster\Zombie\AIController\Zombie\Task\Move\Pivot_Turn</Filter>
    </ClInclude>
    <ClInclude Include="..\Public\Move_Include_Turn.h">
      <Filter>02.GameObjects\Monster\Zombie\AIController\Zombie\Task\Move\Move_Include_Turn</Filter>
    </ClInclude>
    <ClInclude Include="..\Public\Is_Can_Patrol_Zombie.h">
      <Filter>02.GameObjects\Monster\Zombie\AIController\Zombie\Decorator\Checker_Can_Patrol</Filter>
    </ClInclude>
    <ClInclude Include="..\Public\Is_Can_Change_State_Zombie.h">
      <Filter>02.GameObjects\Monster\Zombie\AIController\Zombie\Decorator\Checker_Can_Change_State</Filter>
    </ClInclude>
    <ClInclude Include="..\Public\Is_Hit_Zombie.h">
      <Filter>02.GameObjects\Monster\Zombie\AIController\Zombie\Decorator\Checker_Is_Hit</Filter>
    </ClInclude>
    <ClInclude Include="..\Public\Knock_Back_Zombie.h">
      <Filter>02.GameObjects\Monster\Zombie\AIController\Zombie\Task\Damage\KnockBack</Filter>
    </ClInclude>
    <ClInclude Include="..\Public\Stun_Zombie.h">
      <Filter>02.GameObjects\Monster\Zombie\AIController\Zombie\Task\Damage\Stun</Filter>
    </ClInclude>
    <ClInclude Include="..\Public\Burst_Zombie.h">
      <Filter>02.GameObjects\Monster\Zombie\AIController\Zombie\Task\Damage\Burst</Filter>
    </ClInclude>
    <ClInclude Include="..\Public\Down_Zombie.h">
      <Filter>02.GameObjects\Monster\Zombie\AIController\Zombie\Task\Damage\Down</Filter>
    </ClInclude>
    <ClInclude Include="..\Public\Shake_Skin_Zombie.h">
      <Filter>02.GameObjects\Monster\Zombie\AIController\Zombie\Task\Additional\ShakeSkin</Filter>
    </ClInclude>
    <ClInclude Include="..\Public\Is_Maintain_PreTask_Zombie.h">
      <Filter>02.GameObjects\Monster\Zombie\AIController\Zombie\Decorator\Checker_MainTain_Pre_Task</Filter>
    </ClInclude>
    <ClInclude Include="..\Public\Execute_PreTask_Zombie.h">
      <Filter>02.GameObjects\Monster\Zombie\AIController\Zombie\Task\Utility\ExecutePreTask</Filter>
    </ClInclude>
    <ClInclude Include="..\Public\Is_Down_Zombie.h">
      <Filter>02.GameObjects\Monster\Zombie\AIController\Zombie\Decorator\Checker_Is_Down</Filter>
    </ClInclude>
    <ClInclude Include="..\Public\Turn_Over_Zombie.h">
      <Filter>02.GameObjects\Monster\Zombie\AIController\Zombie\Task\Creep\TurnOver</Filter>
    </ClInclude>
    <ClInclude Include="..\Public\Stand_Up_Zombie.h">
      <Filter>02.GameObjects\Monster\Zombie\AIController\Zombie\Task\Creep\StandUp</Filter>
    </ClInclude>
    <ClInclude Include="..\Public\Camera_Event.h">
      <Filter>02.GameObjects\Camera\Camera_Event</Filter>
    </ClInclude>
    <ClInclude Include="..\Public\Camera_Event_Struct.h">
      <Filter>02.GameObjects\Camera\Camera_Event</Filter>
    </ClInclude>
    <ClInclude Include="..\Public\Hold_Zombie.h">
      <Filter>02.GameObjects\Monster\Zombie\AIController\Zombie\Task\Hold</Filter>
    </ClInclude>
    <ClInclude Include="..\Public\Is_Enough_Time_Zombie.h">
      <Filter>02.GameObjects\Monster\Zombie\AIController\Zombie\Decorator\Checker_Is_EnoughTime</Filter>
    </ClInclude>
    <ClInclude Include="..\Public\Is_Can_Link_Pre_State_Zombie.h">
      <Filter>02.GameObjects\Monster\Zombie\AIController\Zombie\Decorator\Checker_Can_Link_Pre_State</Filter>
    </ClInclude>
    <ClInclude Include="..\Public\Stun_Hold_Zombie.h">
      <Filter>02.GameObjects\Monster\Zombie\AIController\Zombie\Task\Damage\Stun_Hold</Filter>
    </ClInclude>
    <ClInclude Include="..\Public\Bite_Zombie.h">
      <Filter>02.GameObjects\Monster\Zombie\AIController\Zombie\Task\Bite</Filter>
    </ClInclude>
    <ClInclude Include="..\Public\Lightly_Hold_Zombie.h">
      <Filter>02.GameObjects\Monster\Zombie\AIController\Zombie\Task\Lightly_Hold_Zombie</Filter>
    </ClInclude>
    <ClInclude Include="..\Public\Player_State_Bite.h">
      <Filter>02.GameObjects\Player\State\Player_State_Bite</Filter>
    </ClInclude>
    <ClInclude Include="..\Public\Muzzle_Flash.h">
      <Filter>02.GameObjects\Effect\Muzzle_Flash</Filter>
    </ClInclude>
    <ClInclude Include="..\Public\Effect_Header_Player.h">
      <Filter>02.GameObjects\Player\Effect_Header</Filter>
    </ClInclude>
    <ClInclude Include="..\Public\Muzzle_Flash_SG.h">
      <Filter>02.GameObjects\Effect\Muzzle_Flash_SG</Filter>
    </ClInclude>
    <ClInclude Include="..\Public\Blood.h">
      <Filter>02.GameObjects\Effect\Blood</Filter>
    </ClInclude>
    <ClInclude Include="..\Public\Effect_Header_Zombie.h">
      <Filter>02.GameObjects\Monster\Zombie\Effect_Header</Filter>
    </ClInclude>
    <ClInclude Include="..\Public\Item_Discription.h">
      <Filter>02.GameObjects\UI\99. Tab_Window\4. Item_Discription</Filter>
    </ClInclude>
    <ClInclude Include="..\Public\LayOut_UI.h">
      <Filter>02.GameObjects\UI\15. LayOut</Filter>
    </ClInclude>
    <ClInclude Include="..\Public\ItemLocker.h">
      <Filter>02.GameObjects\MapObject\InteractProps\ItemLocker</Filter>
    </ClInclude>
    <ClInclude Include="..\Public\Body_ItemLocker.h">
      <Filter>02.GameObjects\MapObject\InteractProps\ItemLocker\Body_ItemLocker</Filter>
    </ClInclude>
    <ClInclude Include="..\Public\ReaderMachine.h">
      <Filter>02.GameObjects\MapObject\InteractProps\ReaderMachine</Filter>
    </ClInclude>
    <ClInclude Include="..\Public\Ladder.h">
      <Filter>02.GameObjects\MapObject\InteractProps\Ladder</Filter>
    </ClInclude>
    <ClInclude Include="..\Public\Body_Ladder.h">
      <Filter>02.GameObjects\MapObject\InteractProps\Ladder\Body_Ladder</Filter>
    </ClInclude>
    <ClInclude Include="..\Public\Body_ReaderMachine.h">
      <Filter>02.GameObjects\MapObject\InteractProps\ReaderMachine\Body_Reader</Filter>
    </ClInclude>
    <ClInclude Include="..\Public\Creep_Zombie.h">
      <Filter>02.GameObjects\Monster\Zombie\AIController\Zombie\Task\Idle\Creep</Filter>
    </ClInclude>
    <ClInclude Include="..\Public\Damage_UI.h">
      <Filter>02.GameObjects\UI\16. Damage</Filter>
    </ClInclude>
    <ClInclude Include="..\Public\Decal_SSD.h">
      <Filter>02.GameObjects\Effect\Decal</Filter>
    </ClInclude>
    <ClInclude Include="..\Public\Player_State_Move_DoorStop.h">
      <Filter>02.GameObjects\Player\State\Player_State_Move\Player_State_Move_DoorStop</Filter>
    </ClInclude>
    <ClInclude Include="..\Public\Player_State_SubHold.h">
      <Filter>02.GameObjects\Player\State\Player_State_SubHold</Filter>
    </ClInclude>
    <ClInclude Include="..\Public\Player_State_SubHold_Start.h">
      <Filter>02.GameObjects\Player\State\Player_State_SubHold\Player_State_SubHold_Start</Filter>
    </ClInclude>
    <ClInclude Include="..\Public\Player_State_SubHold_Idle.h">
      <Filter>02.GameObjects\Player\State\Player_State_SubHold\Player_State_SubHold_Idle</Filter>
    </ClInclude>
    <ClInclude Include="..\Public\Player_State_Move_Ladder.h">
      <Filter>02.GameObjects\Player\State\Player_State_Move\Player_State_Move_Ladder</Filter>
    </ClInclude>
    <ClInclude Include="..\Public\Zombie_Enums.h">
      <Filter>02.GameObjects\Monster\Zombie</Filter>
    </ClInclude>
    <ClInclude Include="..\Public\Zombie_Defines.h">
      <Filter>02.GameObjects\Monster\Zombie</Filter>
    </ClInclude>
    <ClInclude Include="..\Public\Turn_Spine_Head_Zombie.h">
      <Filter>02.GameObjects\Monster\Zombie\AIController\Zombie\Task\Additional\Turn_Spine_Head</Filter>
    </ClInclude>
    <ClInclude Include="..\Public\Raise_Up_Hand_Zombie.h">
      <Filter>02.GameObjects\Monster\Zombie\AIController\Zombie\Task\Additional\Raise_Up_Hand</Filter>
    </ClInclude>
    <ClInclude Include="..\Public\Cut_Scene.h">
      <Filter>02.GameObjects\Cut_Scene</Filter>
    </ClInclude>
    <ClInclude Include="..\Public\Actor.h">
      <Filter>02.GameObjects\Cut_Scene\Actor</Filter>
    </ClInclude>
    <ClInclude Include="..\Public\Actor_PartObject.h">
      <Filter>02.GameObjects\Cut_Scene\Actor\Actor_PartObject</Filter>
    </ClInclude>
    <ClInclude Include="..\Public\Actor_PL78.h">
      <Filter>02.GameObjects\Cut_Scene\Actor\Actor_PL78</Filter>
    </ClInclude>
    <ClInclude Include="..\Public\Cut_Scene_CF93.h">
      <Filter>02.GameObjects\Cut_Scene\Cut_Scene_CF93</Filter>
    </ClInclude>
    <ClInclude Include="..\Public\Actor_PL00.h">
      <Filter>02.GameObjects\Cut_Scene\Actor\Actor_PL00</Filter>
    </ClInclude>
    <ClInclude Include="..\Public\Actor_EM00.h">
      <Filter>02.GameObjects\Cut_Scene\Actor\Actor_EM00</Filter>
    </ClInclude>
    <ClInclude Include="..\Public\Lever.h">
      <Filter>02.GameObjects\MapObject\InteractProps\Lever</Filter>
    </ClInclude>
    <ClInclude Include="..\Public\MovingShelf.h">
      <Filter>02.GameObjects\MapObject\InteractProps\MovingShelf</Filter>
    </ClInclude>
    <ClInclude Include="..\Public\Body_Lever.h">
      <Filter>02.GameObjects\MapObject\InteractProps\Lever\Body_Lever</Filter>
    </ClInclude>
    <ClInclude Include="..\Public\Body_MovingShelf.h">
      <Filter>02.GameObjects\MapObject\InteractProps\MovingShelf\Body_MovingShelf</Filter>
    </ClInclude>
    <ClInclude Include="..\Public\Break_Window_Zombie.h">
      <Filter>02.GameObjects\Monster\Zombie\AIController\Zombie\Task\Interact\Window\Break_Window</Filter>
    </ClInclude>
    <ClInclude Include="..\Public\Break_In_Window_Zombie.h">
      <Filter>02.GameObjects\Monster\Zombie\AIController\Zombie\Task\Interact\Window\Break_In_Window</Filter>
    </ClInclude>
    <ClInclude Include="..\Public\Hold_Out_Hand_Window_Zombie.h">
      <Filter>02.GameObjects\Monster\Zombie\AIController\Zombie\Task\Interact\Window\Hold_Out_Hand_Window</Filter>
    </ClInclude>
    <ClInclude Include="..\Public\In_Window_Zombie.h">
      <Filter>02.GameObjects\Monster\Zombie\AIController\Zombie\Task\Interact\Window\In_Window</Filter>
    </ClInclude>
    <ClInclude Include="..\Public\Knock_Window_Zombie.h">
      <Filter>02.GameObjects\Monster\Zombie\AIController\Zombie\Task\Interact\Window\Knock_Window</Filter>
    </ClInclude>
    <ClInclude Include="..\Public\Knock_Door_Zombie.h">
      <Filter>02.GameObjects\Monster\Zombie\AIController\Zombie\Task\Interact\Door\Knock_Door</Filter>
    </ClInclude>
    <ClInclude Include="..\Public\Rub_Door_Zombie.h">
      <Filter>02.GameObjects\Monster\Zombie\AIController\Zombie\Task\Interact\Door\Rub_Door</Filter>
    </ClInclude>
    <ClInclude Include="..\Public\Open_Door_Zombie.h">
      <Filter>02.GameObjects\Monster\Zombie\AIController\Zombie\Task\Interact\Door\Open_Door</Filter>
    </ClInclude>
    <ClInclude Include="..\Public\Is_Out_Door_Zombie.h">
      <Filter>02.GameObjects\Monster\Zombie\AIController\Zombie\Decorator\Checker_Is_Out_Door</Filter>
    </ClInclude>
    <ClInclude Include="..\Public\Is_Collision_Prop_Zombie.h">
      <Filter>02.GameObjects\Monster\Zombie\AIController\Zombie\Decorator\Checker_Is_Collision_Prop</Filter>
    </ClInclude>
    <ClInclude Include="..\Public\Player_State_Move_Lever.h">
      <Filter>02.GameObjects\Player\State\Player_State_Move\Player_state_Move_Lever</Filter>
    </ClInclude>
    <ClInclude Include="..\Public\Throwing_Weapon.h">
      <Filter>02.GameObjects\Player\Throwing_Weapon</Filter>
    </ClInclude>
    <ClInclude Include="..\Public\Throwing_Weapon_Pin.h">
      <Filter>02.GameObjects\Player\Throwing_Weapon\Throwing_Weapon_Pin</Filter>
    </ClInclude>
    <ClInclude Include="..\Public\Player_State_Move_Shelf.h">
      <Filter>02.GameObjects\Player\State\Player_State_Move\Player_State_Move_Shelf</Filter>
    </ClInclude>
    <ClInclude Include="..\Public\Muzzle_Smoke.h">
      <Filter>02.GameObjects\Effect\Muzzle_Smoke</Filter>
    </ClInclude>
    <ClInclude Include="..\Public\Is_In_Door_Zombie.h">
      <Filter>02.GameObjects\Monster\Zombie\AIController\Zombie\Decorator\Checker_Is_In_Door</Filter>
    </ClInclude>
    <ClInclude Include="..\Public\Is_Start_Zombie.h">
      <Filter>02.GameObjects\Monster\Zombie\AIController\Zombie\Decorator\Checker_Is_Start</Filter>
    </ClInclude>
    <ClInclude Include="..\Public\Start_Zombie.h">
      <Filter>02.GameObjects\Monster\Zombie\AIController\Zombie\Task\Utility\Start</Filter>
    </ClInclude>
    <ClInclude Include="..\Public\Region_Update_Zombie.h">
      <Filter>02.GameObjects\Monster\Zombie\AIController\Zombie\Task\Utility\Region_Update</Filter>
    </ClInclude>
    <ClInclude Include="..\Public\Is_Same_Location_To_Player_Zombie.h">
      <Filter>02.GameObjects\Monster\Zombie\AIController\Zombie\Decorator\Chekcer_Is_Same_Location_Player</Filter>
    </ClInclude>
    <ClInclude Include="..\Public\Part_Breaker_Zombie.h">
      <Filter>02.GameObjects\Monster\Zombie\Part_Breaker</Filter>
    </ClInclude>
    <ClInclude Include="..\Public\Room_Finder.h">
      <Filter>02.GameObjects\MapObject\Room_Manager</Filter>
    </ClInclude>
    <ClInclude Include="..\Public\Blood_Drop.h">
      <Filter>02.GameObjects\Effect\Blood_Drop</Filter>
    </ClInclude>
    <ClInclude Include="..\Public\Main_Map_UI.h">
      <Filter>02.GameObjects\UI\11. Map_UI\1. Main Map UI</Filter>
    </ClInclude>
    <ClInclude Include="..\Public\Player_Map_UI.h">
      <Filter>02.GameObjects\UI\11. Map_UI\2. Player Map UI</Filter>
    </ClInclude>
    <ClInclude Include="..\Public\Map_Manager.h">
      <Filter>02.GameObjects\UI\11. Map_UI</Filter>
    </ClInclude>
    <ClInclude Include="..\Public\Targeting_Map_UI.h">
      <Filter>02.GameObjects\UI\11. Map_UI\3. Targeting Map UI</Filter>
    </ClInclude>
    <ClInclude Include="..\Public\Item_Map_UI.h">
      <Filter>02.GameObjects\UI\11. Map_UI\4. Item Map UI</Filter>
    </ClInclude>
    <ClInclude Include="..\Public\Floor_Map_UI.h">
      <Filter>02.GameObjects\UI\11. Map_UI\5. Floor Map UI</Filter>
    </ClInclude>
    <ClInclude Include="..\Public\Static_Map_UI.h">
      <Filter>02.GameObjects\UI\11. Map_UI\6. Static_Map UI</Filter>
    </ClInclude>
    <ClInclude Include="..\Public\HotKey.h">
      <Filter>02.GameObjects\UI\99. Tab_Window\1. HotKey</Filter>
    </ClInclude>
    <ClInclude Include="..\Public\Muzzle_Light_SG.h">
      <Filter>02.GameObjects\Effect\Muzzle_Light_SG</Filter>
    </ClInclude>
    <ClInclude Include="..\Public\Muzzle_Spark_SG.h">
      <Filter>02.GameObjects\Effect\Muzzle_Spark_SG</Filter>
    </ClInclude>
    <ClInclude Include="..\Public\Pannel_Window.h">
      <Filter>02.GameObjects\MapObject\InteractProps\Window\Pannel_Window</Filter>
    </ClInclude>
    <ClInclude Include="..\Public\Find_Door_To_Target_Zombie.h">
      <Filter>02.GameObjects\Monster\Zombie\AIController\Zombie\Task\Utility\Find_Door_To_Target</Filter>
    </ClInclude>
    <ClInclude Include="..\Public\Is_Different_Location_To_Player_Zombie.h">
      <Filter>02.GameObjects\Monster\Zombie\AIController\Zombie\Decorator\Checker_Is_Different_Location_Player</Filter>
    </ClInclude>
    <ClInclude Include="..\Public\Muzzle_ShockWave.h">
      <Filter>02.GameObjects\Effect\Muzzle_ShockWave</Filter>
    </ClInclude>
    <ClInclude Include="..\Public\Impact.h">
      <Filter>02.GameObjects\Effect\Impact</Filter>
    </ClInclude>
    <ClInclude Include="..\Public\Hit.h">
      <Filter>02.GameObjects\Effect\Hit</Filter>
    </ClInclude>
    <ClInclude Include="..\Public\Hit_Props.h">
      <Filter>02.GameObjects\Effect\Hit_Props</Filter>
    </ClInclude>
    <ClInclude Include="..\Public\Decal_BulletHole.h">
      <Filter>02.GameObjects\Effect\Decal\Decal_BulletHole</Filter>
    </ClInclude>
    <ClInclude Include="..\Public\HG_Cartridge.h">
      <Filter>02.GameObjects\Effect\Cartridge\HG_Cartridge</Filter>
    </ClInclude>
    <ClInclude Include="..\Public\SG_Cartridge.h">
      <Filter>02.GameObjects\Effect\Cartridge\SG_Cartridge</Filter>
    </ClInclude>
  </ItemGroup>
  <ItemGroup>
    <ClCompile Include="Client.cpp">
      <Filter>98.Default</Filter>
    </ClCompile>
    <ClCompile Include="stdafx.cpp">
      <Filter>98.Default</Filter>
    </ClCompile>
    <ClCompile Include="..\private\MainApp.cpp">
      <Filter>00.MainApp</Filter>
    </ClCompile>
    <ClCompile Include="..\Private\Level_GamePlay.cpp">
      <Filter>01.Levels\GamePlay</Filter>
    </ClCompile>
    <ClCompile Include="..\Private\Level_Loading.cpp">
      <Filter>01.Levels\Loading</Filter>
    </ClCompile>
    <ClCompile Include="..\Private\Level_Logo.cpp">
      <Filter>01.Levels\Logo</Filter>
    </ClCompile>
    <ClCompile Include="..\Private\Loader.cpp">
      <Filter>01.Levels\Loading\Loader</Filter>
    </ClCompile>
    <ClCompile Include="..\private\BackGround.cpp">
      <Filter>02.GameObjects\BackGround</Filter>
    </ClCompile>
    <ClCompile Include="..\Private\Terrain.cpp">
      <Filter>02.GameObjects\Terrain</Filter>
    </ClCompile>
    <ClCompile Include="..\private\Camera_Free.cpp">
      <Filter>02.GameObjects\Camera</Filter>
    </ClCompile>
    <ClCompile Include="..\private\Monster.cpp">
      <Filter>02.GameObjects\Monster</Filter>
    </ClCompile>
    <ClCompile Include="..\private\Player.cpp">
      <Filter>02.GameObjects\Player</Filter>
    </ClCompile>
    <ClCompile Include="..\Private\Body_Player.cpp">
      <Filter>02.GameObjects\Player\Body</Filter>
    </ClCompile>
    <ClCompile Include="..\Private\Weapon.cpp">
      <Filter>02.GameObjects\Player\Weapon</Filter>
    </ClCompile>
    <ClCompile Include="..\Private\Sky.cpp">
      <Filter>02.GameObjects\Sky</Filter>
    </ClCompile>
    <ClCompile Include="..\private\Effect.cpp">
      <Filter>02.GameObjects\Effect</Filter>
    </ClCompile>
    <ClCompile Include="..\Private\Head_Player.cpp">
      <Filter>02.GameObjects\Player\Head</Filter>
    </ClCompile>
    <ClCompile Include="..\Private\Hair_Player.cpp">
      <Filter>02.GameObjects\Player\Hair</Filter>
    </ClCompile>
    <ClCompile Include="..\Private\Props.cpp">
      <Filter>02.GameObjects\MapObject\Props</Filter>
    </ClCompile>
    <ClCompile Include="..\Private\UI.cpp">
      <Filter>02.GameObjects\UI</Filter>
    </ClCompile>
    <ClCompile Include="..\Private\Customize_UI.cpp">
      <Filter>02.GameObjects\UI\0. Customize_UI</Filter>
    </ClCompile>
    <ClCompile Include="..\Private\TextBox.cpp">
      <Filter>02.GameObjects\UI\7. TextBox</Filter>
    </ClCompile>
    <ClCompile Include="..\Private\CustomCollider.cpp">
      <Filter>02.GameObjects\CustomCollider</Filter>
    </ClCompile>
    <ClCompile Include="..\Private\NavMesh_Debug.cpp">
      <Filter>02.GameObjects\NavMesh_Debug</Filter>
    </ClCompile>
    <ClCompile Include="..\Private\Player_State_Move.cpp">
      <Filter>02.GameObjects\Player\State\Player_State_Move</Filter>
    </ClCompile>
    <ClCompile Include="..\Private\Player_State_Move_Idle.cpp">
      <Filter>02.GameObjects\Player\State\Player_State_Move\Player_State_Move_Idle</Filter>
    </ClCompile>
    <ClCompile Include="..\Private\Player_State_Move_Walk.cpp">
      <Filter>02.GameObjects\Player\State\Player_State_Move\Player_State_Move_Walk</Filter>
    </ClCompile>
    <ClCompile Include="..\Private\Map.cpp">
      <Filter>02.GameObjects\MapObject\Map</Filter>
    </ClCompile>
    <ClCompile Include="..\Private\Crosshair_UI.cpp">
      <Filter>02.GameObjects\UI\1. Crosshair</Filter>
    </ClCompile>
    <ClCompile Include="..\Private\Cursor_UI.cpp">
      <Filter>02.GameObjects\UI\2. Cursor</Filter>
    </ClCompile>
    <ClCompile Include="..\Private\Inventory.cpp">
      <Filter>02.GameObjects\UI\9. Inventory</Filter>
    </ClCompile>
    <ClCompile Include="..\Private\Inventory_Item_UI.cpp">
      <Filter>02.GameObjects\UI\9. Inventory\1. Inventory Item</Filter>
    </ClCompile>
    <ClCompile Include="..\Private\Tab_Window.cpp">
      <Filter>02.GameObjects\UI\99. Tab_Window</Filter>
    </ClCompile>
    <ClCompile Include="..\Private\HPBar_UI.cpp">
      <Filter>02.GameObjects\UI\3. HP Bar</Filter>
    </ClCompile>
    <ClCompile Include="..\Private\Bullet_UI.cpp">
      <Filter>02.GameObjects\UI\5. Bullet</Filter>
    </ClCompile>
    <ClCompile Include="..\Private\Title_UI.cpp">
      <Filter>02.GameObjects\UI\6. Title</Filter>
    </ClCompile>
    <ClCompile Include="..\Private\MissionBar_UI.cpp">
      <Filter>02.GameObjects\UI\7. MissionBar</Filter>
    </ClCompile>
    <ClCompile Include="..\Private\Player_State_Move_Jog.cpp">
      <Filter>02.GameObjects\Player\State\Player_State_Move\Player_State_Move_Jog</Filter>
    </ClCompile>
    <ClCompile Include="..\Private\Tutorial_UI.cpp">
      <Filter>02.GameObjects\UI\8. Tutorial</Filter>
    </ClCompile>
    <ClCompile Include="..\Private\Selector_UI.cpp">
      <Filter>02.GameObjects\UI\10. Selector</Filter>
    </ClCompile>
    <ClCompile Include="..\Private\Inventory_Manager.cpp">
      <Filter>02.GameObjects\UI\99. Tab_Window\0. Inventory_Manager</Filter>
    </ClCompile>
    <ClCompile Include="..\Private\Player_State_Hold_Idle.cpp">
      <Filter>02.GameObjects\Player\State\Player_State_Hold\Player_State_Hold_Idle</Filter>
    </ClCompile>
    <ClCompile Include="..\Private\Player_State_Hold.cpp">
      <Filter>02.GameObjects\Player\State\Player_State_Hold</Filter>
    </ClCompile>
    <ClCompile Include="..\Private\Body_Zombie.cpp">
      <Filter>02.GameObjects\Monster\Zombie\Body</Filter>
    </ClCompile>
    <ClCompile Include="..\Private\Clothes_Zombie.cpp">
      <Filter>02.GameObjects\Monster\Zombie\Clothes</Filter>
    </ClCompile>
    <ClCompile Include="..\Private\Face_Zombie.cpp">
      <Filter>02.GameObjects\Monster\Zombie\Face</Filter>
    </ClCompile>
    <ClCompile Include="..\Private\Zombie.cpp">
      <Filter>02.GameObjects\Monster\Zombie</Filter>
    </ClCompile>
    <ClCompile Include="..\Private\BlackBoard_Zombie.cpp">
      <Filter>02.GameObjects\Monster\Zombie\AIController\Zombie\BlackBoard</Filter>
    </ClCompile>
    <ClCompile Include="..\Private\Player_State_Hold_Start.cpp">
      <Filter>02.GameObjects\Player\State\Player_State_Hold\Player_State_Hold_Start</Filter>
    </ClCompile>
    <ClCompile Include="..\Private\Move_To_Target_Zombie.cpp">
      <Filter>02.GameObjects\Monster\Zombie\AIController\Zombie\Task\Move\MoveTo</Filter>
    </ClCompile>
    <ClCompile Include="..\Private\Wait_Zombie.cpp">
      <Filter>02.GameObjects\Monster\Zombie\AIController\Zombie\Task\Idle\Wait</Filter>
    </ClCompile>
    <ClCompile Include="..\Private\Button_UI.cpp">
      <Filter>02.GameObjects\UI\4. Button</Filter>
    </ClCompile>
    <ClCompile Include="..\Private\InteractProps.cpp">
      <Filter>02.GameObjects\MapObject\InteractProps</Filter>
    </ClCompile>
    <ClCompile Include="..\Private\Cabinet.cpp">
      <Filter>02.GameObjects\MapObject\InteractProps\Cabinet</Filter>
    </ClCompile>
    <ClCompile Include="..\Private\Door.cpp">
      <Filter>02.GameObjects\MapObject\InteractProps\Door</Filter>
    </ClCompile>
    <ClCompile Include="..\Private\NewpoliceStatue.cpp">
      <Filter>02.GameObjects\MapObject\InteractProps\NewpoliceStatue</Filter>
    </ClCompile>
    <ClCompile Include="..\Private\Window.cpp">
      <Filter>02.GameObjects\MapObject\InteractProps\Window</Filter>
    </ClCompile>
    <ClCompile Include="..\Private\Slot_Highlighter.cpp">
      <Filter>02.GameObjects\UI\99. Tab_Window\0. Inventory_Manager\Slot_Highlighter</Filter>
    </ClCompile>
    <ClCompile Include="..\Private\Item_UI.cpp">
      <Filter>02.GameObjects\UI\99. Tab_Window\0. Inventory_Manager\Item_UI</Filter>
    </ClCompile>
    <ClCompile Include="..\Private\Inventory_Slot.cpp">
      <Filter>02.GameObjects\UI\99. Tab_Window\0. Inventory_Manager\Inventory_Slot</Filter>
    </ClCompile>
    <ClCompile Include="..\Private\Sleep_Zombie.cpp">
      <Filter>02.GameObjects\Monster\Zombie\AIController\Zombie\Task\Idle\Sleep</Filter>
    </ClCompile>
    <ClCompile Include="..\Private\Item_Mesh_Viewer.cpp">
      <Filter>02.GameObjects\UI\99. Tab_Window\3. Item_Mesh_Viewer</Filter>
    </ClCompile>
    <ClCompile Include="..\Private\ContextMenu.cpp">
      <Filter>02.GameObjects\UI\99. Tab_Window\0. Inventory_Manager\ContextMenu</Filter>
    </ClCompile>
    <ClCompile Include="..\Private\Read_Item_UI.cpp">
      <Filter>02.GameObjects\UI\13. Read Item%28Document%29</Filter>
    </ClCompile>
    <ClCompile Include="..\Private\Loading_UI.cpp">
      <Filter>02.GameObjects\UI\14. Loading</Filter>
    </ClCompile>
    <ClCompile Include="..\Private\Body_Cabinet.cpp">
      <Filter>02.GameObjects\MapObject\InteractProps\Cabinet\Body_Cabinet</Filter>
    </ClCompile>
    <ClCompile Include="..\Private\Body_Door.cpp">
      <Filter>02.GameObjects\MapObject\InteractProps\Door\Body_Door</Filter>
    </ClCompile>
    <ClCompile Include="..\Private\Body_NewpoliceStatue.cpp">
      <Filter>02.GameObjects\MapObject\InteractProps\NewpoliceStatue\Body_NewpoliceStatue</Filter>
    </ClCompile>
    <ClCompile Include="..\Private\Body_Window.cpp">
      <Filter>02.GameObjects\MapObject\InteractProps\Window\Body_Window</Filter>
    </ClCompile>
    <ClCompile Include="..\Private\Body_EventProp.cpp">
      <Filter>02.GameObjects\MapObject\InteractProps\EventProp\Body_EventProp</Filter>
    </ClCompile>
    <ClCompile Include="..\Private\Body_ItemProp.cpp">
      <Filter>02.GameObjects\MapObject\InteractProps\ItemProp\Body_ItemProp</Filter>
    </ClCompile>
    <ClCompile Include="..\Private\ItemProp.cpp">
      <Filter>02.GameObjects\MapObject\InteractProps\ItemProp</Filter>
    </ClCompile>
    <ClCompile Include="..\Private\Body_Statue.cpp">
      <Filter>02.GameObjects\MapObject\InteractProps\Statue\Body_Statue</Filter>
    </ClCompile>
    <ClCompile Include="..\Private\EventProp.cpp">
      <Filter>02.GameObjects\MapObject\InteractProps\EventProp</Filter>
    </ClCompile>
    <ClCompile Include="..\Private\Part_InteractProps.cpp">
      <Filter>02.GameObjects\MapObject\InteractProps</Filter>
    </ClCompile>
    <ClCompile Include="..\Private\Statue.cpp">
      <Filter>02.GameObjects\MapObject\InteractProps\Statue</Filter>
    </ClCompile>
    <ClCompile Include="..\Private\Body_Shutter.cpp">
      <Filter>02.GameObjects\MapObject\InteractProps\Shutter\Body_Shutter</Filter>
    </ClCompile>
    <ClCompile Include="..\Private\Shutter.cpp">
      <Filter>02.GameObjects\MapObject\InteractProps\Shutter</Filter>
    </ClCompile>
    <ClCompile Include="..\Private\FlashLight.cpp">
      <Filter>02.GameObjects\Player\FlashLight</Filter>
    </ClCompile>
    <ClCompile Include="..\..\imguilib\GraphEditor.cpp">
      <Filter>96. Imgui_Manager\Include</Filter>
    </ClCompile>
    <ClCompile Include="..\..\imguilib\ImCurveEdit.cpp">
      <Filter>96. Imgui_Manager\Include</Filter>
    </ClCompile>
    <ClCompile Include="..\..\imguilib\ImGradient.cpp">
      <Filter>96. Imgui_Manager\Include</Filter>
    </ClCompile>
    <ClCompile Include="..\..\imguilib\imgui.cpp">
      <Filter>96. Imgui_Manager\Include</Filter>
    </ClCompile>
    <ClCompile Include="..\..\imguilib\imgui_demo.cpp">
      <Filter>96. Imgui_Manager\Include</Filter>
    </ClCompile>
    <ClCompile Include="..\..\imguilib\imgui_draw.cpp">
      <Filter>96. Imgui_Manager\Include</Filter>
    </ClCompile>
    <ClCompile Include="..\..\imguilib\imgui_impl_dx11.cpp">
      <Filter>96. Imgui_Manager\Include</Filter>
    </ClCompile>
    <ClCompile Include="..\..\imguilib\imgui_impl_win32.cpp">
      <Filter>96. Imgui_Manager\Include</Filter>
    </ClCompile>
    <ClCompile Include="..\..\imguilib\imgui_tables.cpp">
      <Filter>96. Imgui_Manager\Include</Filter>
    </ClCompile>
    <ClCompile Include="..\..\imguilib\imgui_widgets.cpp">
      <Filter>96. Imgui_Manager\Include</Filter>
    </ClCompile>
    <ClCompile Include="..\..\imguilib\ImGuizmo.cpp">
      <Filter>96. Imgui_Manager\Include</Filter>
    </ClCompile>
    <ClCompile Include="..\..\imguilib\ImSequencer.cpp">
      <Filter>96. Imgui_Manager\Include</Filter>
    </ClCompile>
    <ClCompile Include="..\Private\ImGui_Manager.cpp">
      <Filter>96. Imgui_Manager</Filter>
    </ClCompile>
    <ClCompile Include="..\Private\Context_Highlighter.cpp">
      <Filter>02.GameObjects\UI\99. Tab_Window\0. Inventory_Manager\ContextMenu\ContextMenu_Highliter</Filter>
    </ClCompile>
    <ClCompile Include="..\Private\Is_Character_In_Range_Zombie.cpp">
      <Filter>02.GameObjects\Monster\Zombie\AIController\Zombie\Decorator\Checker_RangeDistance</Filter>
    </ClCompile>
    <ClCompile Include="..\Private\Is_Charactor_In_ViewAngle_Zombie.cpp">
      <Filter>02.GameObjects\Monster\Zombie\AIController\Zombie\Decorator\Checker_Angle</Filter>
    </ClCompile>
    <ClCompile Include="..\Private\Pivot_Turn_Zombie.cpp">
      <Filter>02.GameObjects\Monster\Zombie\AIController\Zombie\Task\Move\Pivot_Turn</Filter>
    </ClCompile>
    <ClCompile Include="..\Private\Move_Include_Turn.cpp">
      <Filter>02.GameObjects\Monster\Zombie\AIController\Zombie\Task\Move\Move_Include_Turn</Filter>
    </ClCompile>
    <ClCompile Include="..\Private\Is_Can_Patrol_Zombie.cpp">
      <Filter>02.GameObjects\Monster\Zombie\AIController\Zombie\Decorator\Checker_Can_Patrol</Filter>
    </ClCompile>
    <ClCompile Include="..\Private\Is_Can_Change_State_Zombie.cpp">
      <Filter>02.GameObjects\Monster\Zombie\AIController\Zombie\Decorator\Checker_Can_Change_State</Filter>
    </ClCompile>
    <ClCompile Include="..\Private\Is_Hit_Zombie.cpp">
      <Filter>02.GameObjects\Monster\Zombie\AIController\Zombie\Decorator\Checker_Is_Hit</Filter>
    </ClCompile>
    <ClCompile Include="..\Private\Knock_Back_Zombie.cpp">
      <Filter>02.GameObjects\Monster\Zombie\AIController\Zombie\Task\Damage\KnockBack</Filter>
    </ClCompile>
    <ClCompile Include="..\Private\Stun_Zombie.cpp">
      <Filter>02.GameObjects\Monster\Zombie\AIController\Zombie\Task\Damage\Stun</Filter>
    </ClCompile>
    <ClCompile Include="..\Private\Burst_Zombie.cpp">
      <Filter>02.GameObjects\Monster\Zombie\AIController\Zombie\Task\Damage\Burst</Filter>
    </ClCompile>
    <ClCompile Include="..\Private\Down_Zombie.cpp">
      <Filter>02.GameObjects\Monster\Zombie\AIController\Zombie\Task\Damage\Down</Filter>
    </ClCompile>
    <ClCompile Include="..\Private\Shake_Skin_Zombie.cpp">
      <Filter>02.GameObjects\Monster\Zombie\AIController\Zombie\Task\Additional\ShakeSkin</Filter>
    </ClCompile>
    <ClCompile Include="..\Private\Is_Maintain_PreTask_Zombie.cpp">
      <Filter>02.GameObjects\Monster\Zombie\AIController\Zombie\Decorator\Checker_MainTain_Pre_Task</Filter>
    </ClCompile>
    <ClCompile Include="..\Private\Execute_PreTask_Zombie.cpp">
      <Filter>02.GameObjects\Monster\Zombie\AIController\Zombie\Task\Utility\ExecutePreTask</Filter>
    </ClCompile>
    <ClCompile Include="..\Private\Is_Down_Zombie.cpp">
      <Filter>02.GameObjects\Monster\Zombie\AIController\Zombie\Decorator\Checker_Is_Down</Filter>
    </ClCompile>
    <ClCompile Include="..\Private\Turn_Over_Zombie.cpp">
      <Filter>02.GameObjects\Monster\Zombie\AIController\Zombie\Task\Creep\TurnOver</Filter>
    </ClCompile>
    <ClCompile Include="..\Private\Stand_Up_Zombie.cpp">
      <Filter>02.GameObjects\Monster\Zombie\AIController\Zombie\Task\Creep\StandUp</Filter>
    </ClCompile>
    <ClCompile Include="..\Private\Camera_Event.cpp">
      <Filter>02.GameObjects\Camera\Camera_Event</Filter>
    </ClCompile>
    <ClCompile Include="..\Private\Hold_Zombie.cpp">
      <Filter>02.GameObjects\Monster\Zombie\AIController\Zombie\Task\Hold</Filter>
    </ClCompile>
    <ClCompile Include="..\Private\Is_Enough_Time_Zombie.cpp">
      <Filter>02.GameObjects\Monster\Zombie\AIController\Zombie\Decorator\Checker_Is_EnoughTime</Filter>
    </ClCompile>
    <ClCompile Include="..\Private\Is_Can_Link_Pre_State_Zombie.cpp">
      <Filter>02.GameObjects\Monster\Zombie\AIController\Zombie\Decorator\Checker_Can_Link_Pre_State</Filter>
    </ClCompile>
    <ClCompile Include="..\Private\Stun_Hold_Zombie.cpp">
      <Filter>02.GameObjects\Monster\Zombie\AIController\Zombie\Task\Damage\Stun_Hold</Filter>
    </ClCompile>
    <ClCompile Include="..\Private\Bite_Zombie.cpp">
      <Filter>02.GameObjects\Monster\Zombie\AIController\Zombie\Task\Bite</Filter>
    </ClCompile>
    <ClCompile Include="..\Private\Lightly_Hold_Zombie.cpp">
      <Filter>02.GameObjects\Monster\Zombie\AIController\Zombie\Task\Lightly_Hold_Zombie</Filter>
    </ClCompile>
    <ClCompile Include="..\Private\Player_State_Bite.cpp">
      <Filter>02.GameObjects\Player\State\Player_State_Bite</Filter>
    </ClCompile>
    <ClCompile Include="..\Private\Muzzle_Flash.cpp">
      <Filter>02.GameObjects\Effect\Muzzle_Flash</Filter>
    </ClCompile>
    <ClCompile Include="..\Private\Muzzle_Flash_SG.cpp">
      <Filter>02.GameObjects\Effect\Muzzle_Flash_SG</Filter>
    </ClCompile>
    <ClCompile Include="..\Private\Blood.cpp">
      <Filter>02.GameObjects\Effect\Blood</Filter>
    </ClCompile>
    <ClCompile Include="..\Private\Item_Discription.cpp">
      <Filter>02.GameObjects\UI\99. Tab_Window\4. Item_Discription</Filter>
    </ClCompile>
    <ClCompile Include="..\Private\LayOut_UI.cpp">
      <Filter>02.GameObjects\UI\15. LayOut</Filter>
    </ClCompile>
    <ClCompile Include="..\Private\ItemLocker.cpp">
      <Filter>02.GameObjects\MapObject\InteractProps\ItemLocker</Filter>
    </ClCompile>
    <ClCompile Include="..\Private\Body_Ladder.cpp">
      <Filter>02.GameObjects\MapObject\InteractProps\Ladder\Body_Ladder</Filter>
    </ClCompile>
    <ClCompile Include="..\Private\ReaderMachine.cpp">
      <Filter>02.GameObjects\MapObject\InteractProps\ReaderMachine</Filter>
    </ClCompile>
    <ClCompile Include="..\Private\Ladder.cpp">
      <Filter>02.GameObjects\MapObject\InteractProps\Ladder</Filter>
    </ClCompile>
    <ClCompile Include="..\Private\Body_ReaderMachine.cpp">
      <Filter>02.GameObjects\MapObject\InteractProps\ReaderMachine\Body_Reader</Filter>
    </ClCompile>
    <ClCompile Include="..\Private\Body_ItemLocker.cpp">
      <Filter>02.GameObjects\MapObject\InteractProps\ItemLocker\Body_ItemLocker</Filter>
    </ClCompile>
    <ClCompile Include="..\Private\LayOut_UI.cpp">
      <Filter>02.GameObjects\UI\15. LayOut</Filter>
    </ClCompile>
    <ClCompile Include="..\Private\Creep_Zombie.cpp">
      <Filter>02.GameObjects\Monster\Zombie\AIController\Zombie\Task\Idle\Creep</Filter>
    </ClCompile>
    <ClCompile Include="..\Private\Damage_UI.cpp">
      <Filter>02.GameObjects\UI\16. Damage</Filter>
    </ClCompile>
    <ClCompile Include="..\Private\Decal_SSD.cpp">
      <Filter>02.GameObjects\Effect\Decal</Filter>
    </ClCompile>
    <ClCompile Include="..\Private\Player_State_Move_DoorStop.cpp">
      <Filter>02.GameObjects\Player\State\Player_State_Move\Player_State_Move_DoorStop</Filter>
    </ClCompile>
    <ClCompile Include="..\Private\Player_State_SubHold.cpp">
      <Filter>02.GameObjects\Player\State\Player_State_SubHold</Filter>
    </ClCompile>
    <ClCompile Include="..\Private\Player_State_SubHold_Start.cpp">
      <Filter>02.GameObjects\Player\State\Player_State_SubHold\Player_State_SubHold_Start</Filter>
    </ClCompile>
    <ClCompile Include="..\Private\Player_State_SubHold_Idle.cpp">
      <Filter>02.GameObjects\Player\State\Player_State_SubHold\Player_State_SubHold_Idle</Filter>
    </ClCompile>
    <ClCompile Include="..\Private\Player_State_Move_Ladder.cpp">
      <Filter>02.GameObjects\Player\State\Player_State_Move\Player_State_Move_Ladder</Filter>
    </ClCompile>
    <ClCompile Include="..\Private\Turn_Spine_Head_Zombie.cpp">
      <Filter>02.GameObjects\Monster\Zombie\AIController\Zombie\Task\Additional\Turn_Spine_Head</Filter>
    </ClCompile>
    <ClCompile Include="..\Private\Raise_Up_Hand_Zombie.cpp">
      <Filter>02.GameObjects\Monster\Zombie\AIController\Zombie\Task\Additional\Raise_Up_Hand</Filter>
    </ClCompile>
    <ClCompile Include="..\Private\Cut_Scene.cpp">
      <Filter>02.GameObjects\Cut_Scene</Filter>
    </ClCompile>
    <ClCompile Include="..\Private\Actor.cpp">
      <Filter>02.GameObjects\Cut_Scene\Actor</Filter>
    </ClCompile>
    <ClCompile Include="..\Private\Actor_PartObject.cpp">
      <Filter>02.GameObjects\Cut_Scene\Actor\Actor_PartObject</Filter>
    </ClCompile>
    <ClCompile Include="..\Private\Actor_PL78.cpp">
      <Filter>02.GameObjects\Cut_Scene\Actor\Actor_PL78</Filter>
    </ClCompile>
    <ClCompile Include="..\Private\Cut_Scene_CF93.cpp">
      <Filter>02.GameObjects\Cut_Scene\Cut_Scene_CF93</Filter>
    </ClCompile>
    <ClCompile Include="..\Private\Actor_PL00.cpp">
      <Filter>02.GameObjects\Cut_Scene\Actor\Actor_PL00</Filter>
    </ClCompile>
    <ClCompile Include="..\Private\Actor_EM00.cpp">
      <Filter>02.GameObjects\Cut_Scene\Actor\Actor_EM00</Filter>
    </ClCompile>
    <ClCompile Include="..\Private\Lever.cpp">
      <Filter>02.GameObjects\MapObject\InteractProps\Lever</Filter>
    </ClCompile>
    <ClCompile Include="..\Private\MovingShelf.cpp">
      <Filter>02.GameObjects\MapObject\InteractProps\MovingShelf</Filter>
    </ClCompile>
    <ClCompile Include="..\Private\Body_MovingShelf.cpp">
      <Filter>02.GameObjects\MapObject\InteractProps\MovingShelf\Body_MovingShelf</Filter>
    </ClCompile>
    <ClCompile Include="..\Private\Body_Lever.cpp">
      <Filter>02.GameObjects\MapObject\InteractProps\Lever\Body_Lever</Filter>
    </ClCompile>
    <ClCompile Include="..\Private\Break_Window_Zombie.cpp">
      <Filter>02.GameObjects\Monster\Zombie\AIController\Zombie\Task\Interact\Window\Break_Window</Filter>
    </ClCompile>
    <ClCompile Include="..\Private\Break_In_Window_Zombie.cpp">
      <Filter>02.GameObjects\Monster\Zombie\AIController\Zombie\Task\Interact\Window\Break_In_Window</Filter>
    </ClCompile>
    <ClCompile Include="..\Private\Hold_Out_Hand_Window_Zombie.cpp">
      <Filter>02.GameObjects\Monster\Zombie\AIController\Zombie\Task\Interact\Window\Hold_Out_Hand_Window</Filter>
    </ClCompile>
    <ClCompile Include="..\Private\In_Window_Zombie.cpp">
      <Filter>02.GameObjects\Monster\Zombie\AIController\Zombie\Task\Interact\Window\In_Window</Filter>
    </ClCompile>
    <ClCompile Include="..\Private\Knock_Window_Zombie.cpp">
      <Filter>02.GameObjects\Monster\Zombie\AIController\Zombie\Task\Interact\Window\Knock_Window</Filter>
    </ClCompile>
    <ClCompile Include="..\Private\Knock_Door_Zombie.cpp">
      <Filter>02.GameObjects\Monster\Zombie\AIController\Zombie\Task\Interact\Door\Knock_Door</Filter>
    </ClCompile>
    <ClCompile Include="..\Private\Rub_Door_Zombie.cpp">
      <Filter>02.GameObjects\Monster\Zombie\AIController\Zombie\Task\Interact\Door\Rub_Door</Filter>
    </ClCompile>
    <ClCompile Include="..\Private\Open_Door_Zombie.cpp">
      <Filter>02.GameObjects\Monster\Zombie\AIController\Zombie\Task\Interact\Door\Open_Door</Filter>
    </ClCompile>
    <ClCompile Include="..\Private\Is_Out_Door_Zombie.cpp">
      <Filter>02.GameObjects\Monster\Zombie\AIController\Zombie\Decorator\Checker_Is_Out_Door</Filter>
    </ClCompile>
    <ClCompile Include="..\Private\Is_Collision_Prop_Zombie.cpp">
      <Filter>02.GameObjects\Monster\Zombie\AIController\Zombie\Decorator\Checker_Is_Collision_Prop</Filter>
    </ClCompile>
    <ClCompile Include="..\Private\Player_State_Move_Lever.cpp">
      <Filter>02.GameObjects\Player\State\Player_State_Move\Player_state_Move_Lever</Filter>
    </ClCompile>
    <ClCompile Include="..\Private\Throwing_Weapon.cpp">
      <Filter>02.GameObjects\Player\Throwing_Weapon</Filter>
    </ClCompile>
    <ClCompile Include="..\Private\Throwing_Weapon_Pin.cpp">
      <Filter>02.GameObjects\Player\Throwing_Weapon\Throwing_Weapon_Pin</Filter>
    </ClCompile>
    <ClCompile Include="..\Private\Player_State_Move_Shelf.cpp">
      <Filter>02.GameObjects\Player\State\Player_State_Move\Player_State_Move_Shelf</Filter>
    </ClCompile>
    <ClCompile Include="..\Private\Muzzle_Smoke.cpp">
      <Filter>02.GameObjects\Effect\Muzzle_Smoke</Filter>
    </ClCompile>
    <ClCompile Include="..\Private\Is_In_Door_Zombie.cpp">
      <Filter>02.GameObjects\Monster\Zombie\AIController\Zombie\Decorator\Checker_Is_In_Door</Filter>
    </ClCompile>
    <ClCompile Include="..\Private\Is_Start_Zombie.cpp">
      <Filter>02.GameObjects\Monster\Zombie\AIController\Zombie\Decorator\Checker_Is_Start</Filter>
    </ClCompile>
    <ClCompile Include="..\Private\Start_Zombie.cpp">
      <Filter>02.GameObjects\Monster\Zombie\AIController\Zombie\Task\Utility\Start</Filter>
    </ClCompile>
    <ClCompile Include="..\Private\Region_Update_Zombie.cpp">
      <Filter>02.GameObjects\Monster\Zombie\AIController\Zombie\Task\Utility\Region_Update</Filter>
    </ClCompile>
    <ClCompile Include="..\Private\Is_Same_Location_To_Player_Zombie.cpp">
      <Filter>02.GameObjects\Monster\Zombie\AIController\Zombie\Decorator\Chekcer_Is_Same_Location_Player</Filter>
    </ClCompile>
    <ClCompile Include="..\Private\Part_Breaker_Zombie.cpp">
      <Filter>02.GameObjects\Monster\Zombie\Part_Breaker</Filter>
    </ClCompile>
    <ClCompile Include="..\Private\Room_Finder.cpp">
      <Filter>02.GameObjects\MapObject\Room_Manager</Filter>
    </ClCompile>
    <ClCompile Include="..\Private\Blood_Drop.cpp">
      <Filter>02.GameObjects\Effect\Blood_Drop</Filter>
    </ClCompile>
    <ClCompile Include="..\Private\Main_Map_UI.cpp">
      <Filter>02.GameObjects\UI\11. Map_UI\1. Main Map UI</Filter>
    </ClCompile>
    <ClCompile Include="..\Private\Player_Map_UI.cpp">
      <Filter>02.GameObjects\UI\11. Map_UI\2. Player Map UI</Filter>
    </ClCompile>
    <ClCompile Include="..\Private\Map_Manager.cpp">
      <Filter>02.GameObjects\UI\11. Map_UI</Filter>
    </ClCompile>
    <ClCompile Include="..\Private\Targeting_Map_UI.cpp">
      <Filter>02.GameObjects\UI\11. Map_UI\3. Targeting Map UI</Filter>
    </ClCompile>
    <ClCompile Include="..\Private\Item_Map_UI.cpp">
      <Filter>02.GameObjects\UI\11. Map_UI\4. Item Map UI</Filter>
    </ClCompile>
    <ClCompile Include="..\Private\Floor_Map_UI.cpp">
      <Filter>02.GameObjects\UI\11. Map_UI\5. Floor Map UI</Filter>
    </ClCompile>
    <ClCompile Include="..\Private\Static_Map_UI.cpp">
      <Filter>02.GameObjects\UI\11. Map_UI\6. Static_Map UI</Filter>
    </ClCompile>
    <ClCompile Include="..\Private\HotKey.cpp">
      <Filter>02.GameObjects\UI\99. Tab_Window\1. HotKey</Filter>
    </ClCompile>
    <ClCompile Include="..\Private\Muzzle_Light_SG.cpp">
      <Filter>02.GameObjects\Effect\Muzzle_Light_SG</Filter>
    </ClCompile>
    <ClCompile Include="..\Private\Muzzle_Spark_SG.cpp">
      <Filter>02.GameObjects\Effect\Muzzle_Spark_SG</Filter>
    </ClCompile>
    <ClCompile Include="..\Private\Pannel_Window.cpp">
      <Filter>02.GameObjects\MapObject\InteractProps\Window\Pannel_Window</Filter>
    </ClCompile>
    <ClCompile Include="..\Private\Find_Door_To_Target_Zombie.cpp">
      <Filter>02.GameObjects\Monster\Zombie\AIController\Zombie\Task\Utility\Find_Door_To_Target</Filter>
    </ClCompile>
    <ClCompile Include="..\Private\Is_Different_Location_To_Player_Zombie.cpp">
      <Filter>02.GameObjects\Monster\Zombie\AIController\Zombie\Decorator\Checker_Is_Different_Location_Player</Filter>
    </ClCompile>
    <ClCompile Include="..\Private\Muzzle_ShockWave.cpp">
      <Filter>02.GameObjects\Effect\Muzzle_ShockWave</Filter>
    </ClCompile>
    <ClCompile Include="..\Private\Impact.cpp">
      <Filter>02.GameObjects\Effect\Impact</Filter>
    </ClCompile>
    <ClCompile Include="..\Private\Hit.cpp">
      <Filter>02.GameObjects\Effect\Hit</Filter>
    </ClCompile>
    <ClCompile Include="..\Private\Hit_Props.cpp">
      <Filter>02.GameObjects\Effect\Hit_Props</Filter>
    </ClCompile>
    <ClCompile Include="..\Private\Decal_BulletHole.cpp">
      <Filter>02.GameObjects\Effect\Decal\Decal_BulletHole</Filter>
    </ClCompile>
    <ClCompile Include="..\Private\HG_Cartridge.cpp">
      <Filter>02.GameObjects\Effect\Cartridge\HG_Cartridge</Filter>
    </ClCompile>
    <ClCompile Include="..\Private\SG_Cartridge.cpp">
      <Filter>02.GameObjects\Effect\Cartridge\SG_Cartridge</Filter>
    </ClCompile>
  </ItemGroup>
  <ItemGroup>
    <Image Include="Client.ico">
      <Filter>98.Default</Filter>
    </Image>
    <Image Include="small.ico">
      <Filter>98.Default</Filter>
    </Image>
  </ItemGroup>
  <ItemGroup>
    <ResourceCompile Include="Client.rc">
      <Filter>98.Default</Filter>
    </ResourceCompile>
  </ItemGroup>
  <ItemGroup>
    <FxCompile Include="..\Bin\ShaderFiles\Shader_VtxNorTex.hlsl">
      <Filter>97.ShaderFiles</Filter>
    </FxCompile>
    <FxCompile Include="..\Bin\ShaderFiles\Shader_VtxModel.hlsl">
      <Filter>97.ShaderFiles</Filter>
    </FxCompile>
    <FxCompile Include="..\Bin\ShaderFiles\Shader_VtxAnimModel.hlsl">
      <Filter>97.ShaderFiles</Filter>
    </FxCompile>
    <FxCompile Include="..\Bin\ShaderFiles\Shader_VtxCube.hlsl">
      <Filter>97.ShaderFiles</Filter>
    </FxCompile>
    <FxCompile Include="..\Bin\ShaderFiles\Shader_VtxInstance_Rect.hlsl">
      <Filter>97.ShaderFiles</Filter>
    </FxCompile>
    <FxCompile Include="..\Bin\ShaderFiles\Shader_VtxInstance_Point.hlsl">
      <Filter>97.ShaderFiles</Filter>
    </FxCompile>
    <FxCompile Include="..\Bin\ShaderFiles\Shader_VtxPosTex.hlsl">
      <Filter>97.ShaderFiles</Filter>
    </FxCompile>
    <FxCompile Include="..\Bin\ShaderFiles\Shader_VtxAlphaSortTex.hlsl">
      <Filter>97.ShaderFiles</Filter>
    </FxCompile>
    <FxCompile Include="..\Bin\ShaderFiles\Shader_Effect.hlsl">
      <Filter>97.ShaderFiles</Filter>
    </FxCompile>
  </ItemGroup>
  <ItemGroup>
    <Text Include="ReadMe.txt" />
    <Text Include="..\Text\Zombie_BeTree.txt">
      <Filter>02.GameObjects\Monster\Zombie\AIController\Zombie</Filter>
    </Text>
  </ItemGroup>
</Project>